// !$*UTF8*$!
{
	archiveVersion = 1;
	classes = {
	};
	objectVersion = 56;
	objects = {

/* Begin PBXBuildFile section */
		089D74432A0C033200A43651 /* Theme.swift in Sources */ = {isa = PBXBuildFile; fileRef = 089D74422A0C033200A43651 /* Theme.swift */; };
		089D74472A0C2D3000A43651 /* WorkSans-Light.ttf in Resources */ = {isa = PBXBuildFile; fileRef = 089D74462A0C2D3000A43651 /* WorkSans-Light.ttf */; };
		089D74492A0C2D3800A43651 /* WorkSans-Medium.ttf in Resources */ = {isa = PBXBuildFile; fileRef = 089D74482A0C2D3800A43651 /* WorkSans-Medium.ttf */; };
		089D744B2A0C2D4200A43651 /* WorkSans-SemiBold.ttf in Resources */ = {isa = PBXBuildFile; fileRef = 089D744A2A0C2D4200A43651 /* WorkSans-SemiBold.ttf */; };
		089D744D2A0C2D4D00A43651 /* WorkSans-Regular.ttf in Resources */ = {isa = PBXBuildFile; fileRef = 089D744C2A0C2D4D00A43651 /* WorkSans-Regular.ttf */; };
		08B21F662A0BFC6A00CBAC97 /* RecipleaseApp.swift in Sources */ = {isa = PBXBuildFile; fileRef = 08B21F652A0BFC6A00CBAC97 /* RecipleaseApp.swift */; };
		08B21F682A0BFC6A00CBAC97 /* ContentView.swift in Sources */ = {isa = PBXBuildFile; fileRef = 08B21F672A0BFC6A00CBAC97 /* ContentView.swift */; };
		08B21F6A2A0BFC6E00CBAC97 /* Assets.xcassets in Resources */ = {isa = PBXBuildFile; fileRef = 08B21F692A0BFC6E00CBAC97 /* Assets.xcassets */; };
		08B21F6D2A0BFC6E00CBAC97 /* Preview Assets.xcassets in Resources */ = {isa = PBXBuildFile; fileRef = 08B21F6C2A0BFC6E00CBAC97 /* Preview Assets.xcassets */; };
		08B21F6F2A0BFC6E00CBAC97 /* Persistence.swift in Sources */ = {isa = PBXBuildFile; fileRef = 08B21F6E2A0BFC6E00CBAC97 /* Persistence.swift */; };
		08B21F722A0BFC6E00CBAC97 /* Reciplease.xcdatamodeld in Sources */ = {isa = PBXBuildFile; fileRef = 08B21F702A0BFC6E00CBAC97 /* Reciplease.xcdatamodeld */; };
		08B21F7C2A0BFC6F00CBAC97 /* RecipleaseTests.swift in Sources */ = {isa = PBXBuildFile; fileRef = 08B21F7B2A0BFC6F00CBAC97 /* RecipleaseTests.swift */; };
		08B21F862A0BFC6F00CBAC97 /* RecipleaseUITests.swift in Sources */ = {isa = PBXBuildFile; fileRef = 08B21F852A0BFC6F00CBAC97 /* RecipleaseUITests.swift */; };
		08B21F882A0BFC6F00CBAC97 /* RecipleaseUITestsLaunchTests.swift in Sources */ = {isa = PBXBuildFile; fileRef = 08B21F872A0BFC6F00CBAC97 /* RecipleaseUITestsLaunchTests.swift */; };
		08B21F952A0BFC9400CBAC97 /* Style.swift in Sources */ = {isa = PBXBuildFile; fileRef = 08B21F942A0BFC9400CBAC97 /* Style.swift */; };
/* End PBXBuildFile section */

/* Begin PBXContainerItemProxy section */
		08B21F782A0BFC6F00CBAC97 /* PBXContainerItemProxy */ = {
			isa = PBXContainerItemProxy;
			containerPortal = 08B21F5A2A0BFC6900CBAC97 /* Project object */;
			proxyType = 1;
			remoteGlobalIDString = 08B21F612A0BFC6900CBAC97;
			remoteInfo = Reciplease;
		};
		08B21F822A0BFC6F00CBAC97 /* PBXContainerItemProxy */ = {
			isa = PBXContainerItemProxy;
			containerPortal = 08B21F5A2A0BFC6900CBAC97 /* Project object */;
			proxyType = 1;
			remoteGlobalIDString = 08B21F612A0BFC6900CBAC97;
			remoteInfo = Reciplease;
		};
/* End PBXContainerItemProxy section */

/* Begin PBXFileReference section */
		089D74422A0C033200A43651 /* Theme.swift */ = {isa = PBXFileReference; lastKnownFileType = sourcecode.swift; path = Theme.swift; sourceTree = "<group>"; };
		089D74462A0C2D3000A43651 /* WorkSans-Light.ttf */ = {isa = PBXFileReference; lastKnownFileType = file; path = "WorkSans-Light.ttf"; sourceTree = "<group>"; };
		089D74482A0C2D3800A43651 /* WorkSans-Medium.ttf */ = {isa = PBXFileReference; lastKnownFileType = file; path = "WorkSans-Medium.ttf"; sourceTree = "<group>"; };
		089D744A2A0C2D4200A43651 /* WorkSans-SemiBold.ttf */ = {isa = PBXFileReference; lastKnownFileType = file; path = "WorkSans-SemiBold.ttf"; sourceTree = "<group>"; };
		089D744C2A0C2D4D00A43651 /* WorkSans-Regular.ttf */ = {isa = PBXFileReference; lastKnownFileType = file; path = "WorkSans-Regular.ttf"; sourceTree = "<group>"; };
		08B21F622A0BFC6A00CBAC97 /* Reciplease.app */ = {isa = PBXFileReference; explicitFileType = wrapper.application; includeInIndex = 0; path = Reciplease.app; sourceTree = BUILT_PRODUCTS_DIR; };
		08B21F652A0BFC6A00CBAC97 /* RecipleaseApp.swift */ = {isa = PBXFileReference; lastKnownFileType = sourcecode.swift; path = RecipleaseApp.swift; sourceTree = "<group>"; };
		08B21F672A0BFC6A00CBAC97 /* ContentView.swift */ = {isa = PBXFileReference; lastKnownFileType = sourcecode.swift; path = ContentView.swift; sourceTree = "<group>"; };
		08B21F692A0BFC6E00CBAC97 /* Assets.xcassets */ = {isa = PBXFileReference; lastKnownFileType = folder.assetcatalog; path = Assets.xcassets; sourceTree = "<group>"; };
		08B21F6C2A0BFC6E00CBAC97 /* Preview Assets.xcassets */ = {isa = PBXFileReference; lastKnownFileType = folder.assetcatalog; path = "Preview Assets.xcassets"; sourceTree = "<group>"; };
		08B21F6E2A0BFC6E00CBAC97 /* Persistence.swift */ = {isa = PBXFileReference; lastKnownFileType = sourcecode.swift; path = Persistence.swift; sourceTree = "<group>"; };
		08B21F712A0BFC6E00CBAC97 /* Reciplease.xcdatamodel */ = {isa = PBXFileReference; lastKnownFileType = wrapper.xcdatamodel; path = Reciplease.xcdatamodel; sourceTree = "<group>"; };
		08B21F772A0BFC6F00CBAC97 /* RecipleaseTests.xctest */ = {isa = PBXFileReference; explicitFileType = wrapper.cfbundle; includeInIndex = 0; path = RecipleaseTests.xctest; sourceTree = BUILT_PRODUCTS_DIR; };
		08B21F7B2A0BFC6F00CBAC97 /* RecipleaseTests.swift */ = {isa = PBXFileReference; lastKnownFileType = sourcecode.swift; path = RecipleaseTests.swift; sourceTree = "<group>"; };
		08B21F812A0BFC6F00CBAC97 /* RecipleaseUITests.xctest */ = {isa = PBXFileReference; explicitFileType = wrapper.cfbundle; includeInIndex = 0; path = RecipleaseUITests.xctest; sourceTree = BUILT_PRODUCTS_DIR; };
		08B21F852A0BFC6F00CBAC97 /* RecipleaseUITests.swift */ = {isa = PBXFileReference; lastKnownFileType = sourcecode.swift; path = RecipleaseUITests.swift; sourceTree = "<group>"; };
		08B21F872A0BFC6F00CBAC97 /* RecipleaseUITestsLaunchTests.swift */ = {isa = PBXFileReference; lastKnownFileType = sourcecode.swift; path = RecipleaseUITestsLaunchTests.swift; sourceTree = "<group>"; };
		08B21F942A0BFC9400CBAC97 /* Style.swift */ = {isa = PBXFileReference; lastKnownFileType = sourcecode.swift; path = Style.swift; sourceTree = "<group>"; };
/* End PBXFileReference section */

/* Begin PBXFrameworksBuildPhase section */
		08B21F5F2A0BFC6900CBAC97 /* Frameworks */ = {
			isa = PBXFrameworksBuildPhase;
			buildActionMask = 2147483647;
			files = (
			);
			runOnlyForDeploymentPostprocessing = 0;
		};
		08B21F742A0BFC6F00CBAC97 /* Frameworks */ = {
			isa = PBXFrameworksBuildPhase;
			buildActionMask = 2147483647;
			files = (
			);
			runOnlyForDeploymentPostprocessing = 0;
		};
		08B21F7E2A0BFC6F00CBAC97 /* Frameworks */ = {
			isa = PBXFrameworksBuildPhase;
			buildActionMask = 2147483647;
			files = (
			);
			runOnlyForDeploymentPostprocessing = 0;
		};
/* End PBXFrameworksBuildPhase section */

/* Begin PBXGroup section */
		089D74402A0BFD5100A43651 /* Domain */ = {
			isa = PBXGroup;
			children = (
				089D74422A0C033200A43651 /* Theme.swift */,
			);
			path = Domain;
			sourceTree = "<group>";
		};
		089D74412A0C024700A43651 /* Data */ = {
			isa = PBXGroup;
			children = (
				08B21F702A0BFC6E00CBAC97 /* Reciplease.xcdatamodeld */,
				08B21F6E2A0BFC6E00CBAC97 /* Persistence.swift */,
			);
			path = Data;
			sourceTree = "<group>";
		};
		089D74442A0C2C9200A43651 /* Assets */ = {
			isa = PBXGroup;
			children = (
				089D74452A0C2CDF00A43651 /* Fonts */,
				08B21F692A0BFC6E00CBAC97 /* Assets.xcassets */,
			);
			path = Assets;
			sourceTree = "<group>";
		};
		089D74452A0C2CDF00A43651 /* Fonts */ = {
			isa = PBXGroup;
			children = (
				089D744A2A0C2D4200A43651 /* WorkSans-SemiBold.ttf */,
				089D74482A0C2D3800A43651 /* WorkSans-Medium.ttf */,
				089D744C2A0C2D4D00A43651 /* WorkSans-Regular.ttf */,
				089D74462A0C2D3000A43651 /* WorkSans-Light.ttf */,
			);
			path = Fonts;
			sourceTree = "<group>";
		};
		08B21F592A0BFC6900CBAC97 = {
			isa = PBXGroup;
			children = (
				08B21F642A0BFC6A00CBAC97 /* Reciplease */,
				08B21F7A2A0BFC6F00CBAC97 /* RecipleaseTests */,
				08B21F842A0BFC6F00CBAC97 /* RecipleaseUITests */,
				08B21F632A0BFC6A00CBAC97 /* Products */,
			);
			sourceTree = "<group>";
		};
		08B21F632A0BFC6A00CBAC97 /* Products */ = {
			isa = PBXGroup;
			children = (
				08B21F622A0BFC6A00CBAC97 /* Reciplease.app */,
				08B21F772A0BFC6F00CBAC97 /* RecipleaseTests.xctest */,
				08B21F812A0BFC6F00CBAC97 /* RecipleaseUITests.xctest */,
			);
			name = Products;
			sourceTree = "<group>";
		};
		08B21F642A0BFC6A00CBAC97 /* Reciplease */ = {
			isa = PBXGroup;
			children = (
				089D74402A0BFD5100A43651 /* Domain */,
				08B21F972A0BFCBE00CBAC97 /* Application */,
				08B21F982A0BFCC300CBAC97 /* Presentation */,
				089D74412A0C024700A43651 /* Data */,
				08B21F962A0BFCA700CBAC97 /* Extensions */,
				08B21F6B2A0BFC6E00CBAC97 /* Preview Content */,
			);
			path = Reciplease;
			sourceTree = "<group>";
		};
		08B21F6B2A0BFC6E00CBAC97 /* Preview Content */ = {
			isa = PBXGroup;
			children = (
				08B21F6C2A0BFC6E00CBAC97 /* Preview Assets.xcassets */,
			);
			path = "Preview Content";
			sourceTree = "<group>";
		};
		08B21F7A2A0BFC6F00CBAC97 /* RecipleaseTests */ = {
			isa = PBXGroup;
			children = (
				08B21F7B2A0BFC6F00CBAC97 /* RecipleaseTests.swift */,
			);
			path = RecipleaseTests;
			sourceTree = "<group>";
		};
		08B21F842A0BFC6F00CBAC97 /* RecipleaseUITests */ = {
			isa = PBXGroup;
			children = (
				08B21F852A0BFC6F00CBAC97 /* RecipleaseUITests.swift */,
				08B21F872A0BFC6F00CBAC97 /* RecipleaseUITestsLaunchTests.swift */,
			);
			path = RecipleaseUITests;
			sourceTree = "<group>";
		};
		08B21F962A0BFCA700CBAC97 /* Extensions */ = {
			isa = PBXGroup;
			children = (
				08B21F942A0BFC9400CBAC97 /* Style.swift */,
			);
			path = Extensions;
			sourceTree = "<group>";
		};
		08B21F972A0BFCBE00CBAC97 /* Application */ = {
			isa = PBXGroup;
			children = (
				089D74442A0C2C9200A43651 /* Assets */,
				08B21F652A0BFC6A00CBAC97 /* RecipleaseApp.swift */,
			);
			path = Application;
			sourceTree = "<group>";
		};
		08B21F982A0BFCC300CBAC97 /* Presentation */ = {
			isa = PBXGroup;
			children = (
				08B21F672A0BFC6A00CBAC97 /* ContentView.swift */,
			);
			path = Presentation;
			sourceTree = "<group>";
		};
/* End PBXGroup section */

/* Begin PBXNativeTarget section */
		08B21F612A0BFC6900CBAC97 /* Reciplease */ = {
			isa = PBXNativeTarget;
			buildConfigurationList = 08B21F8B2A0BFC6F00CBAC97 /* Build configuration list for PBXNativeTarget "Reciplease" */;
			buildPhases = (
				08B21F5E2A0BFC6900CBAC97 /* Sources */,
				08B21F5F2A0BFC6900CBAC97 /* Frameworks */,
				08B21F602A0BFC6900CBAC97 /* Resources */,
			);
			buildRules = (
			);
			dependencies = (
			);
			name = Reciplease;
			productName = Reciplease;
			productReference = 08B21F622A0BFC6A00CBAC97 /* Reciplease.app */;
			productType = "com.apple.product-type.application";
		};
		08B21F762A0BFC6F00CBAC97 /* RecipleaseTests */ = {
			isa = PBXNativeTarget;
			buildConfigurationList = 08B21F8E2A0BFC6F00CBAC97 /* Build configuration list for PBXNativeTarget "RecipleaseTests" */;
			buildPhases = (
				08B21F732A0BFC6F00CBAC97 /* Sources */,
				08B21F742A0BFC6F00CBAC97 /* Frameworks */,
				08B21F752A0BFC6F00CBAC97 /* Resources */,
			);
			buildRules = (
			);
			dependencies = (
				08B21F792A0BFC6F00CBAC97 /* PBXTargetDependency */,
			);
			name = RecipleaseTests;
			productName = RecipleaseTests;
			productReference = 08B21F772A0BFC6F00CBAC97 /* RecipleaseTests.xctest */;
			productType = "com.apple.product-type.bundle.unit-test";
		};
		08B21F802A0BFC6F00CBAC97 /* RecipleaseUITests */ = {
			isa = PBXNativeTarget;
			buildConfigurationList = 08B21F912A0BFC6F00CBAC97 /* Build configuration list for PBXNativeTarget "RecipleaseUITests" */;
			buildPhases = (
				08B21F7D2A0BFC6F00CBAC97 /* Sources */,
				08B21F7E2A0BFC6F00CBAC97 /* Frameworks */,
				08B21F7F2A0BFC6F00CBAC97 /* Resources */,
			);
			buildRules = (
			);
			dependencies = (
				08B21F832A0BFC6F00CBAC97 /* PBXTargetDependency */,
			);
			name = RecipleaseUITests;
			productName = RecipleaseUITests;
			productReference = 08B21F812A0BFC6F00CBAC97 /* RecipleaseUITests.xctest */;
			productType = "com.apple.product-type.bundle.ui-testing";
		};
/* End PBXNativeTarget section */

/* Begin PBXProject section */
		08B21F5A2A0BFC6900CBAC97 /* Project object */ = {
			isa = PBXProject;
			attributes = {
				BuildIndependentTargetsInParallel = 1;
				LastSwiftUpdateCheck = 1400;
				LastUpgradeCheck = 1400;
				TargetAttributes = {
					08B21F612A0BFC6900CBAC97 = {
						CreatedOnToolsVersion = 14.0;
					};
					08B21F762A0BFC6F00CBAC97 = {
						CreatedOnToolsVersion = 14.0;
						TestTargetID = 08B21F612A0BFC6900CBAC97;
					};
					08B21F802A0BFC6F00CBAC97 = {
						CreatedOnToolsVersion = 14.0;
						TestTargetID = 08B21F612A0BFC6900CBAC97;
					};
				};
			};
			buildConfigurationList = 08B21F5D2A0BFC6900CBAC97 /* Build configuration list for PBXProject "Reciplease" */;
			compatibilityVersion = "Xcode 14.0";
			developmentRegion = en;
			hasScannedForEncodings = 0;
			knownRegions = (
				en,
				Base,
			);
			mainGroup = 08B21F592A0BFC6900CBAC97;
			productRefGroup = 08B21F632A0BFC6A00CBAC97 /* Products */;
			projectDirPath = "";
			projectRoot = "";
			targets = (
				08B21F612A0BFC6900CBAC97 /* Reciplease */,
				08B21F762A0BFC6F00CBAC97 /* RecipleaseTests */,
				08B21F802A0BFC6F00CBAC97 /* RecipleaseUITests */,
			);
		};
/* End PBXProject section */

/* Begin PBXResourcesBuildPhase section */
		08B21F602A0BFC6900CBAC97 /* Resources */ = {
			isa = PBXResourcesBuildPhase;
			buildActionMask = 2147483647;
			files = (
				089D744B2A0C2D4200A43651 /* WorkSans-SemiBold.ttf in Resources */,
				08B21F6D2A0BFC6E00CBAC97 /* Preview Assets.xcassets in Resources */,
				089D74492A0C2D3800A43651 /* WorkSans-Medium.ttf in Resources */,
				089D744D2A0C2D4D00A43651 /* WorkSans-Regular.ttf in Resources */,
				089D74472A0C2D3000A43651 /* WorkSans-Light.ttf in Resources */,
				08B21F6A2A0BFC6E00CBAC97 /* Assets.xcassets in Resources */,
			);
			runOnlyForDeploymentPostprocessing = 0;
		};
		08B21F752A0BFC6F00CBAC97 /* Resources */ = {
			isa = PBXResourcesBuildPhase;
			buildActionMask = 2147483647;
			files = (
			);
			runOnlyForDeploymentPostprocessing = 0;
		};
		08B21F7F2A0BFC6F00CBAC97 /* Resources */ = {
			isa = PBXResourcesBuildPhase;
			buildActionMask = 2147483647;
			files = (
			);
			runOnlyForDeploymentPostprocessing = 0;
		};
/* End PBXResourcesBuildPhase section */

/* Begin PBXSourcesBuildPhase section */
		08B21F5E2A0BFC6900CBAC97 /* Sources */ = {
			isa = PBXSourcesBuildPhase;
			buildActionMask = 2147483647;
			files = (
				08B21F722A0BFC6E00CBAC97 /* Reciplease.xcdatamodeld in Sources */,
				08B21F6F2A0BFC6E00CBAC97 /* Persistence.swift in Sources */,
				08B21F682A0BFC6A00CBAC97 /* ContentView.swift in Sources */,
				089D74432A0C033200A43651 /* Theme.swift in Sources */,
				08B21F662A0BFC6A00CBAC97 /* RecipleaseApp.swift in Sources */,
				08B21F952A0BFC9400CBAC97 /* Style.swift in Sources */,
			);
			runOnlyForDeploymentPostprocessing = 0;
		};
		08B21F732A0BFC6F00CBAC97 /* Sources */ = {
			isa = PBXSourcesBuildPhase;
			buildActionMask = 2147483647;
			files = (
				08B21F7C2A0BFC6F00CBAC97 /* RecipleaseTests.swift in Sources */,
			);
			runOnlyForDeploymentPostprocessing = 0;
		};
		08B21F7D2A0BFC6F00CBAC97 /* Sources */ = {
			isa = PBXSourcesBuildPhase;
			buildActionMask = 2147483647;
			files = (
				08B21F862A0BFC6F00CBAC97 /* RecipleaseUITests.swift in Sources */,
				08B21F882A0BFC6F00CBAC97 /* RecipleaseUITestsLaunchTests.swift in Sources */,
			);
			runOnlyForDeploymentPostprocessing = 0;
		};
/* End PBXSourcesBuildPhase section */

/* Begin PBXTargetDependency section */
		08B21F792A0BFC6F00CBAC97 /* PBXTargetDependency */ = {
			isa = PBXTargetDependency;
			target = 08B21F612A0BFC6900CBAC97 /* Reciplease */;
			targetProxy = 08B21F782A0BFC6F00CBAC97 /* PBXContainerItemProxy */;
		};
		08B21F832A0BFC6F00CBAC97 /* PBXTargetDependency */ = {
			isa = PBXTargetDependency;
			target = 08B21F612A0BFC6900CBAC97 /* Reciplease */;
			targetProxy = 08B21F822A0BFC6F00CBAC97 /* PBXContainerItemProxy */;
		};
/* End PBXTargetDependency section */

/* Begin XCBuildConfiguration section */
		08B21F892A0BFC6F00CBAC97 /* Debug */ = {
			isa = XCBuildConfiguration;
			buildSettings = {
				ALWAYS_SEARCH_USER_PATHS = NO;
				CLANG_ANALYZER_NONNULL = YES;
				CLANG_ANALYZER_NUMBER_OBJECT_CONVERSION = YES_AGGRESSIVE;
				CLANG_CXX_LANGUAGE_STANDARD = "gnu++20";
				CLANG_ENABLE_MODULES = YES;
				CLANG_ENABLE_OBJC_ARC = YES;
				CLANG_ENABLE_OBJC_WEAK = YES;
				CLANG_WARN_BLOCK_CAPTURE_AUTORELEASING = YES;
				CLANG_WARN_BOOL_CONVERSION = YES;
				CLANG_WARN_COMMA = YES;
				CLANG_WARN_CONSTANT_CONVERSION = YES;
				CLANG_WARN_DEPRECATED_OBJC_IMPLEMENTATIONS = YES;
				CLANG_WARN_DIRECT_OBJC_ISA_USAGE = YES_ERROR;
				CLANG_WARN_DOCUMENTATION_COMMENTS = YES;
				CLANG_WARN_EMPTY_BODY = YES;
				CLANG_WARN_ENUM_CONVERSION = YES;
				CLANG_WARN_INFINITE_RECURSION = YES;
				CLANG_WARN_INT_CONVERSION = YES;
				CLANG_WARN_NON_LITERAL_NULL_CONVERSION = YES;
				CLANG_WARN_OBJC_IMPLICIT_RETAIN_SELF = YES;
				CLANG_WARN_OBJC_LITERAL_CONVERSION = YES;
				CLANG_WARN_OBJC_ROOT_CLASS = YES_ERROR;
				CLANG_WARN_QUOTED_INCLUDE_IN_FRAMEWORK_HEADER = YES;
				CLANG_WARN_RANGE_LOOP_ANALYSIS = YES;
				CLANG_WARN_STRICT_PROTOTYPES = YES;
				CLANG_WARN_SUSPICIOUS_MOVE = YES;
				CLANG_WARN_UNGUARDED_AVAILABILITY = YES_AGGRESSIVE;
				CLANG_WARN_UNREACHABLE_CODE = YES;
				CLANG_WARN__DUPLICATE_METHOD_MATCH = YES;
				COPY_PHASE_STRIP = NO;
				DEBUG_INFORMATION_FORMAT = dwarf;
				ENABLE_STRICT_OBJC_MSGSEND = YES;
				ENABLE_TESTABILITY = YES;
				GCC_C_LANGUAGE_STANDARD = gnu11;
				GCC_DYNAMIC_NO_PIC = NO;
				GCC_NO_COMMON_BLOCKS = YES;
				GCC_OPTIMIZATION_LEVEL = 0;
				GCC_PREPROCESSOR_DEFINITIONS = (
					"DEBUG=1",
					"$(inherited)",
				);
				GCC_WARN_64_TO_32_BIT_CONVERSION = YES;
				GCC_WARN_ABOUT_RETURN_TYPE = YES_ERROR;
				GCC_WARN_UNDECLARED_SELECTOR = YES;
				GCC_WARN_UNINITIALIZED_AUTOS = YES_AGGRESSIVE;
				GCC_WARN_UNUSED_FUNCTION = YES;
				GCC_WARN_UNUSED_VARIABLE = YES;
				IPHONEOS_DEPLOYMENT_TARGET = 16.0;
				MTL_ENABLE_DEBUG_INFO = INCLUDE_SOURCE;
				MTL_FAST_MATH = YES;
				ONLY_ACTIVE_ARCH = YES;
				SDKROOT = iphoneos;
				SWIFT_ACTIVE_COMPILATION_CONDITIONS = DEBUG;
				SWIFT_OPTIMIZATION_LEVEL = "-Onone";
			};
			name = Debug;
		};
		08B21F8A2A0BFC6F00CBAC97 /* Release */ = {
			isa = XCBuildConfiguration;
			buildSettings = {
				ALWAYS_SEARCH_USER_PATHS = NO;
				CLANG_ANALYZER_NONNULL = YES;
				CLANG_ANALYZER_NUMBER_OBJECT_CONVERSION = YES_AGGRESSIVE;
				CLANG_CXX_LANGUAGE_STANDARD = "gnu++20";
				CLANG_ENABLE_MODULES = YES;
				CLANG_ENABLE_OBJC_ARC = YES;
				CLANG_ENABLE_OBJC_WEAK = YES;
				CLANG_WARN_BLOCK_CAPTURE_AUTORELEASING = YES;
				CLANG_WARN_BOOL_CONVERSION = YES;
				CLANG_WARN_COMMA = YES;
				CLANG_WARN_CONSTANT_CONVERSION = YES;
				CLANG_WARN_DEPRECATED_OBJC_IMPLEMENTATIONS = YES;
				CLANG_WARN_DIRECT_OBJC_ISA_USAGE = YES_ERROR;
				CLANG_WARN_DOCUMENTATION_COMMENTS = YES;
				CLANG_WARN_EMPTY_BODY = YES;
				CLANG_WARN_ENUM_CONVERSION = YES;
				CLANG_WARN_INFINITE_RECURSION = YES;
				CLANG_WARN_INT_CONVERSION = YES;
				CLANG_WARN_NON_LITERAL_NULL_CONVERSION = YES;
				CLANG_WARN_OBJC_IMPLICIT_RETAIN_SELF = YES;
				CLANG_WARN_OBJC_LITERAL_CONVERSION = YES;
				CLANG_WARN_OBJC_ROOT_CLASS = YES_ERROR;
				CLANG_WARN_QUOTED_INCLUDE_IN_FRAMEWORK_HEADER = YES;
				CLANG_WARN_RANGE_LOOP_ANALYSIS = YES;
				CLANG_WARN_STRICT_PROTOTYPES = YES;
				CLANG_WARN_SUSPICIOUS_MOVE = YES;
				CLANG_WARN_UNGUARDED_AVAILABILITY = YES_AGGRESSIVE;
				CLANG_WARN_UNREACHABLE_CODE = YES;
				CLANG_WARN__DUPLICATE_METHOD_MATCH = YES;
				COPY_PHASE_STRIP = NO;
				DEBUG_INFORMATION_FORMAT = "dwarf-with-dsym";
				ENABLE_NS_ASSERTIONS = NO;
				ENABLE_STRICT_OBJC_MSGSEND = YES;
				GCC_C_LANGUAGE_STANDARD = gnu11;
				GCC_NO_COMMON_BLOCKS = YES;
				GCC_WARN_64_TO_32_BIT_CONVERSION = YES;
				GCC_WARN_ABOUT_RETURN_TYPE = YES_ERROR;
				GCC_WARN_UNDECLARED_SELECTOR = YES;
				GCC_WARN_UNINITIALIZED_AUTOS = YES_AGGRESSIVE;
				GCC_WARN_UNUSED_FUNCTION = YES;
				GCC_WARN_UNUSED_VARIABLE = YES;
				IPHONEOS_DEPLOYMENT_TARGET = 16.0;
				MTL_ENABLE_DEBUG_INFO = NO;
				MTL_FAST_MATH = YES;
				SDKROOT = iphoneos;
				SWIFT_COMPILATION_MODE = wholemodule;
				SWIFT_OPTIMIZATION_LEVEL = "-O";
				VALIDATE_PRODUCT = YES;
			};
			name = Release;
		};
		08B21F8C2A0BFC6F00CBAC97 /* Debug */ = {
			isa = XCBuildConfiguration;
			buildSettings = {
				ASSETCATALOG_COMPILER_APPICON_NAME = AppIcon;
				ASSETCATALOG_COMPILER_GLOBAL_ACCENT_COLOR_NAME = AccentColor;
				CODE_SIGN_STYLE = Automatic;
				CURRENT_PROJECT_VERSION = 1;
				DEVELOPMENT_ASSET_PATHS = "\"Reciplease/Preview Content\"";
				DEVELOPMENT_TEAM = MC9L8ULM7A;
				ENABLE_PREVIEWS = YES;
				GENERATE_INFOPLIST_FILE = YES;
				INFOPLIST_KEY_UIApplicationSceneManifest_Generation = YES;
				INFOPLIST_KEY_UIApplicationSupportsIndirectInputEvents = YES;
				INFOPLIST_KEY_UILaunchScreen_Generation = YES;
				INFOPLIST_KEY_UISupportedInterfaceOrientations_iPad = "UIInterfaceOrientationPortrait UIInterfaceOrientationPortraitUpsideDown UIInterfaceOrientationLandscapeLeft UIInterfaceOrientationLandscapeRight";
				INFOPLIST_KEY_UISupportedInterfaceOrientations_iPhone = "UIInterfaceOrientationPortrait UIInterfaceOrientationLandscapeLeft UIInterfaceOrientationLandscapeRight";
				LD_RUNPATH_SEARCH_PATHS = (
					"$(inherited)",
					"@executable_path/Frameworks",
				);
				MARKETING_VERSION = 1.0;
				PRODUCT_BUNDLE_IDENTIFIER = OpenClassrooms.Reciplease;
				PRODUCT_NAME = "$(TARGET_NAME)";
				SWIFT_EMIT_LOC_STRINGS = YES;
				SWIFT_VERSION = 5.0;
				TARGETED_DEVICE_FAMILY = "1,2";
			};
			name = Debug;
		};
		08B21F8D2A0BFC6F00CBAC97 /* Release */ = {
			isa = XCBuildConfiguration;
			buildSettings = {
				ASSETCATALOG_COMPILER_APPICON_NAME = AppIcon;
				ASSETCATALOG_COMPILER_GLOBAL_ACCENT_COLOR_NAME = AccentColor;
				CODE_SIGN_STYLE = Automatic;
				CURRENT_PROJECT_VERSION = 1;
				DEVELOPMENT_ASSET_PATHS = "\"Reciplease/Preview Content\"";
				DEVELOPMENT_TEAM = MC9L8ULM7A;
				ENABLE_PREVIEWS = YES;
				GENERATE_INFOPLIST_FILE = YES;
				INFOPLIST_KEY_UIApplicationSceneManifest_Generation = YES;
				INFOPLIST_KEY_UIApplicationSupportsIndirectInputEvents = YES;
				INFOPLIST_KEY_UILaunchScreen_Generation = YES;
				INFOPLIST_KEY_UISupportedInterfaceOrientations_iPad = "UIInterfaceOrientationPortrait UIInterfaceOrientationPortraitUpsideDown UIInterfaceOrientationLandscapeLeft UIInterfaceOrientationLandscapeRight";
				INFOPLIST_KEY_UISupportedInterfaceOrientations_iPhone = "UIInterfaceOrientationPortrait UIInterfaceOrientationLandscapeLeft UIInterfaceOrientationLandscapeRight";
				LD_RUNPATH_SEARCH_PATHS = (
					"$(inherited)",
					"@executable_path/Frameworks",
				);
				MARKETING_VERSION = 1.0;
				PRODUCT_BUNDLE_IDENTIFIER = OpenClassrooms.Reciplease;
				PRODUCT_NAME = "$(TARGET_NAME)";
				SWIFT_EMIT_LOC_STRINGS = YES;
				SWIFT_VERSION = 5.0;
				TARGETED_DEVICE_FAMILY = "1,2";
			};
			name = Release;
		};
		08B21F8F2A0BFC6F00CBAC97 /* Debug */ = {
			isa = XCBuildConfiguration;
			buildSettings = {
				ALWAYS_EMBED_SWIFT_STANDARD_LIBRARIES = YES;
				BUNDLE_LOADER = "$(TEST_HOST)";
				CODE_SIGN_STYLE = Automatic;
				CURRENT_PROJECT_VERSION = 1;
				DEVELOPMENT_TEAM = MC9L8ULM7A;
				GENERATE_INFOPLIST_FILE = YES;
				IPHONEOS_DEPLOYMENT_TARGET = 16.0;
				MARKETING_VERSION = 1.0;
				PRODUCT_BUNDLE_IDENTIFIER = OpenClassrooms.RecipleaseTests;
				PRODUCT_NAME = "$(TARGET_NAME)";
				SWIFT_EMIT_LOC_STRINGS = NO;
				SWIFT_VERSION = 5.0;
				TARGETED_DEVICE_FAMILY = "1,2";
				TEST_HOST = "$(BUILT_PRODUCTS_DIR)/Reciplease.app/$(BUNDLE_EXECUTABLE_FOLDER_PATH)/Reciplease";
			};
			name = Debug;
		};
		08B21F902A0BFC6F00CBAC97 /* Release */ = {
			isa = XCBuildConfiguration;
			buildSettings = {
				ALWAYS_EMBED_SWIFT_STANDARD_LIBRARIES = YES;
				BUNDLE_LOADER = "$(TEST_HOST)";
				CODE_SIGN_STYLE = Automatic;
				CURRENT_PROJECT_VERSION = 1;
				DEVELOPMENT_TEAM = MC9L8ULM7A;
				GENERATE_INFOPLIST_FILE = YES;
				IPHONEOS_DEPLOYMENT_TARGET = 16.0;
				MARKETING_VERSION = 1.0;
				PRODUCT_BUNDLE_IDENTIFIER = OpenClassrooms.RecipleaseTests;
				PRODUCT_NAME = "$(TARGET_NAME)";
				SWIFT_EMIT_LOC_STRINGS = NO;
				SWIFT_VERSION = 5.0;
				TARGETED_DEVICE_FAMILY = "1,2";
				TEST_HOST = "$(BUILT_PRODUCTS_DIR)/Reciplease.app/$(BUNDLE_EXECUTABLE_FOLDER_PATH)/Reciplease";
			};
			name = Release;
		};
		08B21F922A0BFC6F00CBAC97 /* Debug */ = {
			isa = XCBuildConfiguration;
			buildSettings = {
				ALWAYS_EMBED_SWIFT_STANDARD_LIBRARIES = YES;
				CODE_SIGN_STYLE = Automatic;
				CURRENT_PROJECT_VERSION = 1;
				DEVELOPMENT_TEAM = MC9L8ULM7A;
				GENERATE_INFOPLIST_FILE = YES;
				MARKETING_VERSION = 1.0;
				PRODUCT_BUNDLE_IDENTIFIER = OpenClassrooms.RecipleaseUITests;
				PRODUCT_NAME = "$(TARGET_NAME)";
				SWIFT_EMIT_LOC_STRINGS = NO;
				SWIFT_VERSION = 5.0;
				TARGETED_DEVICE_FAMILY = "1,2";
				TEST_TARGET_NAME = Reciplease;
			};
			name = Debug;
		};
		08B21F932A0BFC6F00CBAC97 /* Release */ = {
			isa = XCBuildConfiguration;
			buildSettings = {
				ALWAYS_EMBED_SWIFT_STANDARD_LIBRARIES = YES;
				CODE_SIGN_STYLE = Automatic;
				CURRENT_PROJECT_VERSION = 1;
				DEVELOPMENT_TEAM = MC9L8ULM7A;
				GENERATE_INFOPLIST_FILE = YES;
				MARKETING_VERSION = 1.0;
				PRODUCT_BUNDLE_IDENTIFIER = OpenClassrooms.RecipleaseUITests;
				PRODUCT_NAME = "$(TARGET_NAME)";
				SWIFT_EMIT_LOC_STRINGS = NO;
				SWIFT_VERSION = 5.0;
				TARGETED_DEVICE_FAMILY = "1,2";
				TEST_TARGET_NAME = Reciplease;
			};
			name = Release;
		};
/* End XCBuildConfiguration section */

/* Begin XCConfigurationList section */
		08B21F5D2A0BFC6900CBAC97 /* Build configuration list for PBXProject "Reciplease" */ = {
			isa = XCConfigurationList;
			buildConfigurations = (
				08B21F892A0BFC6F00CBAC97 /* Debug */,
				08B21F8A2A0BFC6F00CBAC97 /* Release */,
			);
			defaultConfigurationIsVisible = 0;
			defaultConfigurationName = Release;
		};
		08B21F8B2A0BFC6F00CBAC97 /* Build configuration list for PBXNativeTarget "Reciplease" */ = {
			isa = XCConfigurationList;
			buildConfigurations = (
				08B21F8C2A0BFC6F00CBAC97 /* Debug */,
				08B21F8D2A0BFC6F00CBAC97 /* Release */,
			);
			defaultConfigurationIsVisible = 0;
			defaultConfigurationName = Release;
		};
		08B21F8E2A0BFC6F00CBAC97 /* Build configuration list for PBXNativeTarget "RecipleaseTests" */ = {
			isa = XCConfigurationList;
			buildConfigurations = (
				08B21F8F2A0BFC6F00CBAC97 /* Debug */,
				08B21F902A0BFC6F00CBAC97 /* Release */,
			);
			defaultConfigurationIsVisible = 0;
			defaultConfigurationName = Release;
		};
		08B21F912A0BFC6F00CBAC97 /* Build configuration list for PBXNativeTarget "RecipleaseUITests" */ = {
			isa = XCConfigurationList;
			buildConfigurations = (
				08B21F922A0BFC6F00CBAC97 /* Debug */,
				08B21F932A0BFC6F00CBAC97 /* Release */,
			);
			defaultConfigurationIsVisible = 0;
			defaultConfigurationName = Release;
		};
/* End XCConfigurationList section */

/* Begin XCVersionGroup section */
		08B21F702A0BFC6E00CBAC97 /* Reciplease.xcdatamodeld */ = {
			isa = XCVersionGroup;
			children = (
				08B21F712A0BFC6E00CBAC97 /* Reciplease.xcdatamodel */,
			);
			currentVersion = 08B21F712A0BFC6E00CBAC97 /* Reciplease.xcdatamodel */;
			path = Reciplease.xcdatamodeld;
			sourceTree = "<group>";
			versionGroupType = wrapper.xcdatamodel;
		};
/* End XCVersionGroup section */
	};
	rootObject = 08B21F5A2A0BFC6900CBAC97 /* Project object */;
}
