// !$*UTF8*$!
{
	archiveVersion = 1;
	classes = {
	};
	objectVersion = 56;
	objects = {

/* Begin PBXBuildFile section */
		0825B9632A19412C00FF271E /* SettingsView.swift in Sources */ = {isa = PBXBuildFile; fileRef = 0825B9622A19412C00FF271E /* SettingsView.swift */; };
		0825B9652A19419F00FF271E /* SettingsLabel.swift in Sources */ = {isa = PBXBuildFile; fileRef = 0825B9642A19419F00FF271E /* SettingsLabel.swift */; };
		0831DF7A2A3529A1004F14B4 /* PrivacyPolicyView.swift in Sources */ = {isa = PBXBuildFile; fileRef = 0831DF792A3529A1004F14B4 /* PrivacyPolicyView.swift */; };
		0831DF812A36036B004F14B4 /* LinkButton.swift in Sources */ = {isa = PBXBuildFile; fileRef = 0831DF802A36036B004F14B4 /* LinkButton.swift */; };
		0831DF832A360DAE004F14B4 /* SectionTitle.swift in Sources */ = {isa = PBXBuildFile; fileRef = 0831DF822A360DAE004F14B4 /* SectionTitle.swift */; };
		0831DF852A365061004F14B4 /* SafariRepresentable.swift in Sources */ = {isa = PBXBuildFile; fileRef = 0831DF842A365061004F14B4 /* SafariRepresentable.swift */; };
		0831DF882A374D30004F14B4 /* SettingsViewModel.swift in Sources */ = {isa = PBXBuildFile; fileRef = 0831DF872A374D30004F14B4 /* SettingsViewModel.swift */; };
		0831DF8A2A3771CC004F14B4 /* Notification.swift in Sources */ = {isa = PBXBuildFile; fileRef = 0831DF892A3771CC004F14B4 /* Notification.swift */; };
		083D801C2A5C0F85001C12C1 /* Env_test.plist in Resources */ = {isa = PBXBuildFile; fileRef = 083D801B2A5C0F85001C12C1 /* Env_test.plist */; };
		083D801E2A5C25DA001C12C1 /* RecipeData.json in Resources */ = {isa = PBXBuildFile; fileRef = 083D801D2A5C25D9001C12C1 /* RecipeData.json */; };
		086755D82A5B56DE00607894 /* FavoriteTests.swift in Sources */ = {isa = PBXBuildFile; fileRef = 086755D72A5B56DE00607894 /* FavoriteTests.swift */; };
		08837CE32A3F0C7A0004EE2C /* PopUpMessage.swift in Sources */ = {isa = PBXBuildFile; fileRef = 08837CE22A3F0C7A0004EE2C /* PopUpMessage.swift */; };
		08837CE52A3F453E0004EE2C /* PopUp.swift in Sources */ = {isa = PBXBuildFile; fileRef = 08837CE42A3F453E0004EE2C /* PopUp.swift */; };
		088DA5BB2A3B243600E68D2C /* RecipeView.swift in Sources */ = {isa = PBXBuildFile; fileRef = 088DA5BA2A3B243600E68D2C /* RecipeView.swift */; };
		088DA5BD2A3B974F00E68D2C /* CartModalView.swift in Sources */ = {isa = PBXBuildFile; fileRef = 088DA5BC2A3B974F00E68D2C /* CartModalView.swift */; };
		088DA5C42A3B98A400E68D2C /* IngredientSelected.swift in Sources */ = {isa = PBXBuildFile; fileRef = 088DA5C32A3B98A400E68D2C /* IngredientSelected.swift */; };
		088F80262A4B2B1E0019897E /* DataController.swift in Sources */ = {isa = PBXBuildFile; fileRef = 088F80252A4B2B1E0019897E /* DataController.swift */; };
		0890D8BE2A3897EB00B566EE /* AppSettings.swift in Sources */ = {isa = PBXBuildFile; fileRef = 0890D8BD2A3897EB00B566EE /* AppSettings.swift */; };
		0891B6562A51DA6D00263540 /* RecipleaseDataModel.xcdatamodeld in Sources */ = {isa = PBXBuildFile; fileRef = 0891B6542A51DA6D00263540 /* RecipleaseDataModel.xcdatamodeld */; };
		08936FAB2A0CFFFE0057CE96 /* CartView.swift in Sources */ = {isa = PBXBuildFile; fileRef = 08936FAA2A0CFFFE0057CE96 /* CartView.swift */; };
		08936FAF2A0D00AE0057CE96 /* IngredientLabel.swift in Sources */ = {isa = PBXBuildFile; fileRef = 08936FAE2A0D00AE0057CE96 /* IngredientLabel.swift */; };
		08947BBA2A331F4B002AA9C1 /* CreateIngredientView.swift in Sources */ = {isa = PBXBuildFile; fileRef = 08947BB92A331F4A002AA9C1 /* CreateIngredientView.swift */; };
		08947BBC2A332880002AA9C1 /* CustomTextField.swift in Sources */ = {isa = PBXBuildFile; fileRef = 08947BBB2A332880002AA9C1 /* CustomTextField.swift */; };
		08947BBE2A349002002AA9C1 /* AboutUsView.swift in Sources */ = {isa = PBXBuildFile; fileRef = 08947BBD2A349001002AA9C1 /* AboutUsView.swift */; };
		08947BC02A34C250002AA9C1 /* TechnosLabel.swift in Sources */ = {isa = PBXBuildFile; fileRef = 08947BBF2A34C250002AA9C1 /* TechnosLabel.swift */; };
		08947BC22A34D4B2002AA9C1 /* TermsOfServiceView.swift in Sources */ = {isa = PBXBuildFile; fileRef = 08947BC12A34D4B2002AA9C1 /* TermsOfServiceView.swift */; };
		08947BC72A34DBFD002AA9C1 /* TermsSection.swift in Sources */ = {isa = PBXBuildFile; fileRef = 08947BC62A34DBFD002AA9C1 /* TermsSection.swift */; };
		089637202A0D6EAB00340CFE /* OptionButton.swift in Sources */ = {isa = PBXBuildFile; fileRef = 0896371F2A0D6EAB00340CFE /* OptionButton.swift */; };
		089637222A0D942100340CFE /* Ingredient.swift in Sources */ = {isa = PBXBuildFile; fileRef = 089637212A0D942100340CFE /* Ingredient.swift */; };
		08982FB42A1A8E5900FE921B /* Settings.swift in Sources */ = {isa = PBXBuildFile; fileRef = 08982FB32A1A8E5900FE921B /* Settings.swift */; };
		089D74432A0C033200A43651 /* ThemeManager.swift in Sources */ = {isa = PBXBuildFile; fileRef = 089D74422A0C033200A43651 /* ThemeManager.swift */; };
		089D74472A0C2D3000A43651 /* WorkSans-Light.ttf in Resources */ = {isa = PBXBuildFile; fileRef = 089D74462A0C2D3000A43651 /* WorkSans-Light.ttf */; };
		089D74492A0C2D3800A43651 /* WorkSans-Medium.ttf in Resources */ = {isa = PBXBuildFile; fileRef = 089D74482A0C2D3800A43651 /* WorkSans-Medium.ttf */; };
		089D744B2A0C2D4200A43651 /* WorkSans-SemiBold.ttf in Resources */ = {isa = PBXBuildFile; fileRef = 089D744A2A0C2D4200A43651 /* WorkSans-SemiBold.ttf */; };
		089D744D2A0C2D4D00A43651 /* WorkSans-Regular.ttf in Resources */ = {isa = PBXBuildFile; fileRef = 089D744C2A0C2D4D00A43651 /* WorkSans-Regular.ttf */; };
		089D74502A0C425300A43651 /* ValidateButton.swift in Sources */ = {isa = PBXBuildFile; fileRef = 089D744F2A0C425300A43651 /* ValidateButton.swift */; };
		089D74522A0C450E00A43651 /* LaunchScreenView.swift in Sources */ = {isa = PBXBuildFile; fileRef = 089D74512A0C450E00A43651 /* LaunchScreenView.swift */; };
		08B1D9292A22227100234781 /* FavoriteView.swift in Sources */ = {isa = PBXBuildFile; fileRef = 08B1D9282A22227000234781 /* FavoriteView.swift */; };
		08B1D92C2A22367D00234781 /* FavoriteCard.swift in Sources */ = {isa = PBXBuildFile; fileRef = 08B1D92B2A22367D00234781 /* FavoriteCard.swift */; };
		08B1D92E2A22417D00234781 /* CardOption.swift in Sources */ = {isa = PBXBuildFile; fileRef = 08B1D92D2A22417D00234781 /* CardOption.swift */; };
		08B21F662A0BFC6A00CBAC97 /* RecipleaseApp.swift in Sources */ = {isa = PBXBuildFile; fileRef = 08B21F652A0BFC6A00CBAC97 /* RecipleaseApp.swift */; };
		08B21F6A2A0BFC6E00CBAC97 /* Assets.xcassets in Resources */ = {isa = PBXBuildFile; fileRef = 08B21F692A0BFC6E00CBAC97 /* Assets.xcassets */; };
		08B21F6D2A0BFC6E00CBAC97 /* Preview Assets.xcassets in Resources */ = {isa = PBXBuildFile; fileRef = 08B21F6C2A0BFC6E00CBAC97 /* Preview Assets.xcassets */; };
		08B21F862A0BFC6F00CBAC97 /* RecipleaseUITests.swift in Sources */ = {isa = PBXBuildFile; fileRef = 08B21F852A0BFC6F00CBAC97 /* RecipleaseUITests.swift */; };
		08B21F882A0BFC6F00CBAC97 /* RecipleaseUITestsLaunchTests.swift in Sources */ = {isa = PBXBuildFile; fileRef = 08B21F872A0BFC6F00CBAC97 /* RecipleaseUITestsLaunchTests.swift */; };
		08B21F952A0BFC9400CBAC97 /* Style.swift in Sources */ = {isa = PBXBuildFile; fileRef = 08B21F942A0BFC9400CBAC97 /* Style.swift */; };
		08B58D602A41B3C9008419F6 /* Recipe+Decodable.swift in Sources */ = {isa = PBXBuildFile; fileRef = 08B58D5F2A41B3C9008419F6 /* Recipe+Decodable.swift */; };
		08B58D622A41B5E5008419F6 /* APIEndpoints.swift in Sources */ = {isa = PBXBuildFile; fileRef = 08B58D612A41B5E5008419F6 /* APIEndpoints.swift */; };
		08B58D642A41B70E008419F6 /* Env.plist in Resources */ = {isa = PBXBuildFile; fileRef = 08B58D632A41B70E008419F6 /* Env.plist */; };
		08B58D662A42394F008419F6 /* APIRecipe.swift in Sources */ = {isa = PBXBuildFile; fileRef = 08B58D652A42394F008419F6 /* APIRecipe.swift */; };
		08B58D692A423A46008419F6 /* Alamofire in Frameworks */ = {isa = PBXBuildFile; productRef = 08B58D682A423A46008419F6 /* Alamofire */; };
		08B58D6B2A42F277008419F6 /* Errors.swift in Sources */ = {isa = PBXBuildFile; fileRef = 08B58D6A2A42F277008419F6 /* Errors.swift */; };
		08B58D6E2A432E8F008419F6 /* RecipeViewModel.swift in Sources */ = {isa = PBXBuildFile; fileRef = 08B58D6D2A432E8F008419F6 /* RecipeViewModel.swift */; };
		08B58D702A445C61008419F6 /* ImageView.swift in Sources */ = {isa = PBXBuildFile; fileRef = 08B58D6F2A445C61008419F6 /* ImageView.swift */; };
		08BFBAEF2A48B677006C7642 /* RecipeTests.swift in Sources */ = {isa = PBXBuildFile; fileRef = 08BFBAEE2A48B677006C7642 /* RecipeTests.swift */; };
		08CB83212A4071800022899F /* DishView.swift in Sources */ = {isa = PBXBuildFile; fileRef = 08CB83202A4071800022899F /* DishView.swift */; };
		08CB83232A4078060022899F /* DishFavoriteButton.swift in Sources */ = {isa = PBXBuildFile; fileRef = 08CB83222A4078060022899F /* DishFavoriteButton.swift */; };
		08CB83252A407D5A0022899F /* NutrimentLabel.swift in Sources */ = {isa = PBXBuildFile; fileRef = 08CB83242A407D5A0022899F /* NutrimentLabel.swift */; };
		08CB83272A4088400022899F /* IngredientListLabel.swift in Sources */ = {isa = PBXBuildFile; fileRef = 08CB83262A4088400022899F /* IngredientListLabel.swift */; };
		08CB832A2A408A8E0022899F /* IngredientRow.swift in Sources */ = {isa = PBXBuildFile; fileRef = 08CB83292A408A8E0022899F /* IngredientRow.swift */; };
		08D13BBC2A3E365E00E3EAE0 /* CartTests.swift in Sources */ = {isa = PBXBuildFile; fileRef = 08D13BBB2A3E365E00E3EAE0 /* CartTests.swift */; };
		08D1B5AD2A2A481A0086F41A /* Filters.swift in Sources */ = {isa = PBXBuildFile; fileRef = 08D1B5AC2A2A481A0086F41A /* Filters.swift */; };
		08D1B5B02A2A5D8C0086F41A /* WrappingHStack in Frameworks */ = {isa = PBXBuildFile; productRef = 08D1B5AF2A2A5D8C0086F41A /* WrappingHStack */; };
		08D1B5B22A2B56240086F41A /* DeleteButton.swift in Sources */ = {isa = PBXBuildFile; fileRef = 08D1B5B12A2B56240086F41A /* DeleteButton.swift */; };
		08D333392A0E446C00D46C71 /* CartViewModel.swift in Sources */ = {isa = PBXBuildFile; fileRef = 08D333382A0E446C00D46C71 /* CartViewModel.swift */; };
		08D3333D2A0E47F200D46C71 /* TabBarView.swift in Sources */ = {isa = PBXBuildFile; fileRef = 08D3333C2A0E47F200D46C71 /* TabBarView.swift */; };
		08D3333F2A0E4B8100D46C71 /* TabBar.swift in Sources */ = {isa = PBXBuildFile; fileRef = 08D3333E2A0E4B8100D46C71 /* TabBar.swift */; };
		08D333422A0E4C6000D46C71 /* CustomTabBar.swift in Sources */ = {isa = PBXBuildFile; fileRef = 08D333412A0E4C6000D46C71 /* CustomTabBar.swift */; };
		08EFF5EB2A508D0E00E78283 /* Recipe.swift in Sources */ = {isa = PBXBuildFile; fileRef = 08EFF5EA2A508D0E00E78283 /* Recipe.swift */; };
		08EFF5EE2A50919700E78283 /* FavoriteViewModel.swift in Sources */ = {isa = PBXBuildFile; fileRef = 08EFF5ED2A50919700E78283 /* FavoriteViewModel.swift */; };
		08FB5AF32A28A94D009CFA8B /* RecipeCard.swift in Sources */ = {isa = PBXBuildFile; fileRef = 08FB5AF22A28A94D009CFA8B /* RecipeCard.swift */; };
		08FB5AF52A2901DB009CFA8B /* FavoriteButton.swift in Sources */ = {isa = PBXBuildFile; fileRef = 08FB5AF42A2901DB009CFA8B /* FavoriteButton.swift */; };
		08FB5AF72A2A2553009CFA8B /* FavoriteCardButton.swift in Sources */ = {isa = PBXBuildFile; fileRef = 08FB5AF62A2A2552009CFA8B /* FavoriteCardButton.swift */; };
/* End PBXBuildFile section */

/* Begin PBXContainerItemProxy section */
		08B21F782A0BFC6F00CBAC97 /* PBXContainerItemProxy */ = {
			isa = PBXContainerItemProxy;
			containerPortal = 08B21F5A2A0BFC6900CBAC97 /* Project object */;
			proxyType = 1;
			remoteGlobalIDString = 08B21F612A0BFC6900CBAC97;
			remoteInfo = Reciplease;
		};
		08B21F822A0BFC6F00CBAC97 /* PBXContainerItemProxy */ = {
			isa = PBXContainerItemProxy;
			containerPortal = 08B21F5A2A0BFC6900CBAC97 /* Project object */;
			proxyType = 1;
			remoteGlobalIDString = 08B21F612A0BFC6900CBAC97;
			remoteInfo = Reciplease;
		};
/* End PBXContainerItemProxy section */

/* Begin PBXFileReference section */
		0825B9562A193F1C00FF271E /* README.md */ = {isa = PBXFileReference; lastKnownFileType = net.daringfireball.markdown; path = README.md; sourceTree = "<group>"; };
		0825B9572A193F1C00FF271E /* presentation_reciplease.jpg */ = {isa = PBXFileReference; lastKnownFileType = image.jpeg; path = presentation_reciplease.jpg; sourceTree = "<group>"; };
		0825B9592A193F1C00FF271E /* banner_reciplease.svg */ = {isa = PBXFileReference; lastKnownFileType = text; path = banner_reciplease.svg; sourceTree = "<group>"; };
		0825B9622A19412C00FF271E /* SettingsView.swift */ = {isa = PBXFileReference; lastKnownFileType = sourcecode.swift; path = SettingsView.swift; sourceTree = "<group>"; };
		0825B9642A19419F00FF271E /* SettingsLabel.swift */ = {isa = PBXFileReference; lastKnownFileType = sourcecode.swift; path = SettingsLabel.swift; sourceTree = "<group>"; };
		0831DF792A3529A1004F14B4 /* PrivacyPolicyView.swift */ = {isa = PBXFileReference; lastKnownFileType = sourcecode.swift; path = PrivacyPolicyView.swift; sourceTree = "<group>"; };
		0831DF802A36036B004F14B4 /* LinkButton.swift */ = {isa = PBXFileReference; lastKnownFileType = sourcecode.swift; path = LinkButton.swift; sourceTree = "<group>"; };
		0831DF822A360DAE004F14B4 /* SectionTitle.swift */ = {isa = PBXFileReference; lastKnownFileType = sourcecode.swift; path = SectionTitle.swift; sourceTree = "<group>"; };
		0831DF842A365061004F14B4 /* SafariRepresentable.swift */ = {isa = PBXFileReference; lastKnownFileType = sourcecode.swift; path = SafariRepresentable.swift; sourceTree = "<group>"; };
		0831DF872A374D30004F14B4 /* SettingsViewModel.swift */ = {isa = PBXFileReference; lastKnownFileType = sourcecode.swift; path = SettingsViewModel.swift; sourceTree = "<group>"; };
		0831DF892A3771CC004F14B4 /* Notification.swift */ = {isa = PBXFileReference; lastKnownFileType = sourcecode.swift; path = Notification.swift; sourceTree = "<group>"; };
		083D801B2A5C0F85001C12C1 /* Env_test.plist */ = {isa = PBXFileReference; lastKnownFileType = text.plist.xml; path = Env_test.plist; sourceTree = "<group>"; };
		083D801D2A5C25D9001C12C1 /* RecipeData.json */ = {isa = PBXFileReference; lastKnownFileType = text.json; path = RecipeData.json; sourceTree = "<group>"; };
		086755D72A5B56DE00607894 /* FavoriteTests.swift */ = {isa = PBXFileReference; lastKnownFileType = sourcecode.swift; path = FavoriteTests.swift; sourceTree = "<group>"; };
		08837CE22A3F0C7A0004EE2C /* PopUpMessage.swift */ = {isa = PBXFileReference; lastKnownFileType = sourcecode.swift; path = PopUpMessage.swift; sourceTree = "<group>"; };
		08837CE42A3F453E0004EE2C /* PopUp.swift */ = {isa = PBXFileReference; lastKnownFileType = sourcecode.swift; path = PopUp.swift; sourceTree = "<group>"; };
		088DA5BA2A3B243600E68D2C /* RecipeView.swift */ = {isa = PBXFileReference; lastKnownFileType = sourcecode.swift; path = RecipeView.swift; sourceTree = "<group>"; };
		088DA5BC2A3B974F00E68D2C /* CartModalView.swift */ = {isa = PBXFileReference; lastKnownFileType = sourcecode.swift; path = CartModalView.swift; sourceTree = "<group>"; };
		088DA5C32A3B98A400E68D2C /* IngredientSelected.swift */ = {isa = PBXFileReference; lastKnownFileType = sourcecode.swift; path = IngredientSelected.swift; sourceTree = "<group>"; };
		088F80252A4B2B1E0019897E /* DataController.swift */ = {isa = PBXFileReference; lastKnownFileType = sourcecode.swift; path = DataController.swift; sourceTree = "<group>"; };
		0890D8BD2A3897EB00B566EE /* AppSettings.swift */ = {isa = PBXFileReference; lastKnownFileType = sourcecode.swift; path = AppSettings.swift; sourceTree = "<group>"; };
		0891B6552A51DA6D00263540 /* RecipleaseDataModel.xcdatamodel */ = {isa = PBXFileReference; lastKnownFileType = wrapper.xcdatamodel; path = RecipleaseDataModel.xcdatamodel; sourceTree = "<group>"; };
		08936FAA2A0CFFFE0057CE96 /* CartView.swift */ = {isa = PBXFileReference; lastKnownFileType = sourcecode.swift; path = CartView.swift; sourceTree = "<group>"; };
		08936FAE2A0D00AE0057CE96 /* IngredientLabel.swift */ = {isa = PBXFileReference; lastKnownFileType = sourcecode.swift; path = IngredientLabel.swift; sourceTree = "<group>"; };
		08947BB92A331F4A002AA9C1 /* CreateIngredientView.swift */ = {isa = PBXFileReference; lastKnownFileType = sourcecode.swift; path = CreateIngredientView.swift; sourceTree = "<group>"; };
		08947BBB2A332880002AA9C1 /* CustomTextField.swift */ = {isa = PBXFileReference; lastKnownFileType = sourcecode.swift; path = CustomTextField.swift; sourceTree = "<group>"; };
		08947BBD2A349001002AA9C1 /* AboutUsView.swift */ = {isa = PBXFileReference; lastKnownFileType = sourcecode.swift; path = AboutUsView.swift; sourceTree = "<group>"; };
		08947BBF2A34C250002AA9C1 /* TechnosLabel.swift */ = {isa = PBXFileReference; lastKnownFileType = sourcecode.swift; path = TechnosLabel.swift; sourceTree = "<group>"; };
		08947BC12A34D4B2002AA9C1 /* TermsOfServiceView.swift */ = {isa = PBXFileReference; lastKnownFileType = sourcecode.swift; path = TermsOfServiceView.swift; sourceTree = "<group>"; };
		08947BC62A34DBFD002AA9C1 /* TermsSection.swift */ = {isa = PBXFileReference; lastKnownFileType = sourcecode.swift; path = TermsSection.swift; sourceTree = "<group>"; };
		0896371F2A0D6EAB00340CFE /* OptionButton.swift */ = {isa = PBXFileReference; lastKnownFileType = sourcecode.swift; path = OptionButton.swift; sourceTree = "<group>"; };
		089637212A0D942100340CFE /* Ingredient.swift */ = {isa = PBXFileReference; lastKnownFileType = sourcecode.swift; path = Ingredient.swift; sourceTree = "<group>"; };
		08982FB32A1A8E5900FE921B /* Settings.swift */ = {isa = PBXFileReference; lastKnownFileType = sourcecode.swift; path = Settings.swift; sourceTree = "<group>"; };
		089D74422A0C033200A43651 /* ThemeManager.swift */ = {isa = PBXFileReference; lastKnownFileType = sourcecode.swift; path = ThemeManager.swift; sourceTree = "<group>"; };
		089D74462A0C2D3000A43651 /* WorkSans-Light.ttf */ = {isa = PBXFileReference; lastKnownFileType = file; path = "WorkSans-Light.ttf"; sourceTree = "<group>"; };
		089D74482A0C2D3800A43651 /* WorkSans-Medium.ttf */ = {isa = PBXFileReference; lastKnownFileType = file; path = "WorkSans-Medium.ttf"; sourceTree = "<group>"; };
		089D744A2A0C2D4200A43651 /* WorkSans-SemiBold.ttf */ = {isa = PBXFileReference; lastKnownFileType = file; path = "WorkSans-SemiBold.ttf"; sourceTree = "<group>"; };
		089D744C2A0C2D4D00A43651 /* WorkSans-Regular.ttf */ = {isa = PBXFileReference; lastKnownFileType = file; path = "WorkSans-Regular.ttf"; sourceTree = "<group>"; };
		089D744F2A0C425300A43651 /* ValidateButton.swift */ = {isa = PBXFileReference; lastKnownFileType = sourcecode.swift; path = ValidateButton.swift; sourceTree = "<group>"; };
		089D74512A0C450E00A43651 /* LaunchScreenView.swift */ = {isa = PBXFileReference; lastKnownFileType = sourcecode.swift; path = LaunchScreenView.swift; sourceTree = "<group>"; };
		089D74532A0C481800A43651 /* Info.plist */ = {isa = PBXFileReference; lastKnownFileType = text.plist.xml; path = Info.plist; sourceTree = "<group>"; };
		08B1D9282A22227000234781 /* FavoriteView.swift */ = {isa = PBXFileReference; lastKnownFileType = sourcecode.swift; path = FavoriteView.swift; sourceTree = "<group>"; };
		08B1D92B2A22367D00234781 /* FavoriteCard.swift */ = {isa = PBXFileReference; lastKnownFileType = sourcecode.swift; path = FavoriteCard.swift; sourceTree = "<group>"; };
		08B1D92D2A22417D00234781 /* CardOption.swift */ = {isa = PBXFileReference; lastKnownFileType = sourcecode.swift; path = CardOption.swift; sourceTree = "<group>"; };
		08B21F622A0BFC6A00CBAC97 /* Reciplease.app */ = {isa = PBXFileReference; explicitFileType = wrapper.application; includeInIndex = 0; path = Reciplease.app; sourceTree = BUILT_PRODUCTS_DIR; };
		08B21F652A0BFC6A00CBAC97 /* RecipleaseApp.swift */ = {isa = PBXFileReference; lastKnownFileType = sourcecode.swift; path = RecipleaseApp.swift; sourceTree = "<group>"; };
		08B21F692A0BFC6E00CBAC97 /* Assets.xcassets */ = {isa = PBXFileReference; lastKnownFileType = folder.assetcatalog; path = Assets.xcassets; sourceTree = "<group>"; };
		08B21F6C2A0BFC6E00CBAC97 /* Preview Assets.xcassets */ = {isa = PBXFileReference; lastKnownFileType = folder.assetcatalog; path = "Preview Assets.xcassets"; sourceTree = "<group>"; };
		08B21F772A0BFC6F00CBAC97 /* RecipleaseTests.xctest */ = {isa = PBXFileReference; explicitFileType = wrapper.cfbundle; includeInIndex = 0; path = RecipleaseTests.xctest; sourceTree = BUILT_PRODUCTS_DIR; };
		08B21F812A0BFC6F00CBAC97 /* RecipleaseUITests.xctest */ = {isa = PBXFileReference; explicitFileType = wrapper.cfbundle; includeInIndex = 0; path = RecipleaseUITests.xctest; sourceTree = BUILT_PRODUCTS_DIR; };
		08B21F852A0BFC6F00CBAC97 /* RecipleaseUITests.swift */ = {isa = PBXFileReference; lastKnownFileType = sourcecode.swift; path = RecipleaseUITests.swift; sourceTree = "<group>"; };
		08B21F872A0BFC6F00CBAC97 /* RecipleaseUITestsLaunchTests.swift */ = {isa = PBXFileReference; lastKnownFileType = sourcecode.swift; path = RecipleaseUITestsLaunchTests.swift; sourceTree = "<group>"; };
		08B21F942A0BFC9400CBAC97 /* Style.swift */ = {isa = PBXFileReference; lastKnownFileType = sourcecode.swift; path = Style.swift; sourceTree = "<group>"; };
		08B58D5F2A41B3C9008419F6 /* Recipe+Decodable.swift */ = {isa = PBXFileReference; lastKnownFileType = sourcecode.swift; path = "Recipe+Decodable.swift"; sourceTree = "<group>"; };
		08B58D612A41B5E5008419F6 /* APIEndpoints.swift */ = {isa = PBXFileReference; lastKnownFileType = sourcecode.swift; path = APIEndpoints.swift; sourceTree = "<group>"; };
		08B58D632A41B70E008419F6 /* Env.plist */ = {isa = PBXFileReference; lastKnownFileType = text.plist.xml; path = Env.plist; sourceTree = "<group>"; };
		08B58D652A42394F008419F6 /* APIRecipe.swift */ = {isa = PBXFileReference; lastKnownFileType = sourcecode.swift; path = APIRecipe.swift; sourceTree = "<group>"; };
		08B58D6A2A42F277008419F6 /* Errors.swift */ = {isa = PBXFileReference; lastKnownFileType = sourcecode.swift; path = Errors.swift; sourceTree = "<group>"; };
		08B58D6D2A432E8F008419F6 /* RecipeViewModel.swift */ = {isa = PBXFileReference; lastKnownFileType = sourcecode.swift; path = RecipeViewModel.swift; sourceTree = "<group>"; };
		08B58D6F2A445C61008419F6 /* ImageView.swift */ = {isa = PBXFileReference; lastKnownFileType = sourcecode.swift; path = ImageView.swift; sourceTree = "<group>"; };
		08BFBAEE2A48B677006C7642 /* RecipeTests.swift */ = {isa = PBXFileReference; lastKnownFileType = sourcecode.swift; path = RecipeTests.swift; sourceTree = "<group>"; };
		08CB83202A4071800022899F /* DishView.swift */ = {isa = PBXFileReference; lastKnownFileType = sourcecode.swift; path = DishView.swift; sourceTree = "<group>"; };
		08CB83222A4078060022899F /* DishFavoriteButton.swift */ = {isa = PBXFileReference; lastKnownFileType = sourcecode.swift; path = DishFavoriteButton.swift; sourceTree = "<group>"; };
		08CB83242A407D5A0022899F /* NutrimentLabel.swift */ = {isa = PBXFileReference; lastKnownFileType = sourcecode.swift; path = NutrimentLabel.swift; sourceTree = "<group>"; };
		08CB83262A4088400022899F /* IngredientListLabel.swift */ = {isa = PBXFileReference; lastKnownFileType = sourcecode.swift; path = IngredientListLabel.swift; sourceTree = "<group>"; };
		08CB83292A408A8E0022899F /* IngredientRow.swift */ = {isa = PBXFileReference; lastKnownFileType = sourcecode.swift; path = IngredientRow.swift; sourceTree = "<group>"; };
		08D13BBB2A3E365E00E3EAE0 /* CartTests.swift */ = {isa = PBXFileReference; lastKnownFileType = sourcecode.swift; path = CartTests.swift; sourceTree = "<group>"; };
		08D1B5AC2A2A481A0086F41A /* Filters.swift */ = {isa = PBXFileReference; lastKnownFileType = sourcecode.swift; path = Filters.swift; sourceTree = "<group>"; };
		08D1B5B12A2B56240086F41A /* DeleteButton.swift */ = {isa = PBXFileReference; lastKnownFileType = sourcecode.swift; path = DeleteButton.swift; sourceTree = "<group>"; };
		08D333382A0E446C00D46C71 /* CartViewModel.swift */ = {isa = PBXFileReference; lastKnownFileType = sourcecode.swift; path = CartViewModel.swift; sourceTree = "<group>"; };
		08D3333C2A0E47F200D46C71 /* TabBarView.swift */ = {isa = PBXFileReference; lastKnownFileType = sourcecode.swift; path = TabBarView.swift; sourceTree = "<group>"; };
		08D3333E2A0E4B8100D46C71 /* TabBar.swift */ = {isa = PBXFileReference; lastKnownFileType = sourcecode.swift; path = TabBar.swift; sourceTree = "<group>"; };
		08D333412A0E4C6000D46C71 /* CustomTabBar.swift */ = {isa = PBXFileReference; lastKnownFileType = sourcecode.swift; path = CustomTabBar.swift; sourceTree = "<group>"; };
		08EFF5EA2A508D0E00E78283 /* Recipe.swift */ = {isa = PBXFileReference; lastKnownFileType = sourcecode.swift; path = Recipe.swift; sourceTree = "<group>"; };
		08EFF5ED2A50919700E78283 /* FavoriteViewModel.swift */ = {isa = PBXFileReference; lastKnownFileType = sourcecode.swift; path = FavoriteViewModel.swift; sourceTree = "<group>"; };
		08FB5AF22A28A94D009CFA8B /* RecipeCard.swift */ = {isa = PBXFileReference; lastKnownFileType = sourcecode.swift; path = RecipeCard.swift; sourceTree = "<group>"; };
		08FB5AF42A2901DB009CFA8B /* FavoriteButton.swift */ = {isa = PBXFileReference; lastKnownFileType = sourcecode.swift; path = FavoriteButton.swift; sourceTree = "<group>"; };
		08FB5AF62A2A2552009CFA8B /* FavoriteCardButton.swift */ = {isa = PBXFileReference; lastKnownFileType = sourcecode.swift; path = FavoriteCardButton.swift; sourceTree = "<group>"; };
/* End PBXFileReference section */

/* Begin PBXFrameworksBuildPhase section */
		08B21F5F2A0BFC6900CBAC97 /* Frameworks */ = {
			isa = PBXFrameworksBuildPhase;
			buildActionMask = 2147483647;
			files = (
				08D1B5B02A2A5D8C0086F41A /* WrappingHStack in Frameworks */,
				08B58D692A423A46008419F6 /* Alamofire in Frameworks */,
			);
			runOnlyForDeploymentPostprocessing = 0;
		};
		08B21F742A0BFC6F00CBAC97 /* Frameworks */ = {
			isa = PBXFrameworksBuildPhase;
			buildActionMask = 2147483647;
			files = (
			);
			runOnlyForDeploymentPostprocessing = 0;
		};
		08B21F7E2A0BFC6F00CBAC97 /* Frameworks */ = {
			isa = PBXFrameworksBuildPhase;
			buildActionMask = 2147483647;
			files = (
			);
			runOnlyForDeploymentPostprocessing = 0;
		};
/* End PBXFrameworksBuildPhase section */

/* Begin PBXGroup section */
		0825B95A2A193F4F00FF271E /* README Assets */ = {
			isa = PBXGroup;
			children = (
				0825B9592A193F1C00FF271E /* banner_reciplease.svg */,
				0825B9572A193F1C00FF271E /* presentation_reciplease.jpg */,
			);
			path = "README Assets";
			sourceTree = "<group>";
		};
		0825B95C2A1940CB00FF271E /* Settings */ = {
			isa = PBXGroup;
			children = (
				0825B95D2A1940EC00FF271E /* View */,
				0831DF862A374D14004F14B4 /* ViewModel */,
				0825B95F2A1940F800FF271E /* Components */,
			);
			path = Settings;
			sourceTree = "<group>";
		};
		0825B95D2A1940EC00FF271E /* View */ = {
			isa = PBXGroup;
			children = (
				0825B9622A19412C00FF271E /* SettingsView.swift */,
			);
			path = View;
			sourceTree = "<group>";
		};
		0825B95F2A1940F800FF271E /* Components */ = {
			isa = PBXGroup;
			children = (
				08947BC32A34DAFC002AA9C1 /* AboutUs */,
				08947BC52A34DB11002AA9C1 /* PrivacyPolicy */,
				08947BC42A34DB06002AA9C1 /* TermsOfService */,
				0825B9642A19419F00FF271E /* SettingsLabel.swift */,
			);
			path = Components;
			sourceTree = "<group>";
		};
		0831DF752A34ED0A004F14B4 /* View */ = {
			isa = PBXGroup;
			children = (
				08947BBD2A349001002AA9C1 /* AboutUsView.swift */,
			);
			path = View;
			sourceTree = "<group>";
		};
		0831DF762A34ED13004F14B4 /* Component */ = {
			isa = PBXGroup;
			children = (
				08947BBF2A34C250002AA9C1 /* TechnosLabel.swift */,
				0831DF802A36036B004F14B4 /* LinkButton.swift */,
			);
			path = Component;
			sourceTree = "<group>";
		};
		0831DF772A34ED41004F14B4 /* View */ = {
			isa = PBXGroup;
			children = (
				08947BC12A34D4B2002AA9C1 /* TermsOfServiceView.swift */,
			);
			path = View;
			sourceTree = "<group>";
		};
		0831DF782A34ED46004F14B4 /* Component */ = {
			isa = PBXGroup;
			children = (
				08947BC62A34DBFD002AA9C1 /* TermsSection.swift */,
			);
			path = Component;
			sourceTree = "<group>";
		};
		0831DF7B2A3529A2004F14B4 /* View */ = {
			isa = PBXGroup;
			children = (
				0831DF792A3529A1004F14B4 /* PrivacyPolicyView.swift */,
			);
			path = View;
			sourceTree = "<group>";
		};
		0831DF862A374D14004F14B4 /* ViewModel */ = {
			isa = PBXGroup;
			children = (
				0831DF872A374D30004F14B4 /* SettingsViewModel.swift */,
			);
			path = ViewModel;
			sourceTree = "<group>";
		};
		088DA5BE2A3B97B500E68D2C /* CartModal */ = {
			isa = PBXGroup;
			children = (
				088DA5BF2A3B97BE00E68D2C /* View */,
				088DA5C02A3B984E00E68D2C /* Component */,
			);
			path = CartModal;
			sourceTree = "<group>";
		};
		088DA5BF2A3B97BE00E68D2C /* View */ = {
			isa = PBXGroup;
			children = (
				088DA5BC2A3B974F00E68D2C /* CartModalView.swift */,
			);
			path = View;
			sourceTree = "<group>";
		};
		088DA5C02A3B984E00E68D2C /* Component */ = {
			isa = PBXGroup;
			children = (
				088DA5C32A3B98A400E68D2C /* IngredientSelected.swift */,
			);
			path = Component;
			sourceTree = "<group>";
		};
		0890D8BF2A38CAFA00B566EE /* Repositories */ = {
			isa = PBXGroup;
			children = (
				0890D8BD2A3897EB00B566EE /* AppSettings.swift */,
			);
			path = Repositories;
			sourceTree = "<group>";
		};
		08936FA92A0CFFD60057CE96 /* Cart */ = {
			isa = PBXGroup;
			children = (
				08936FAC2A0D00020057CE96 /* View */,
				08D333372A0E445600D46C71 /* ViewModel */,
				08936FAD2A0D00060057CE96 /* Component */,
			);
			path = Cart;
			sourceTree = "<group>";
		};
		08936FAC2A0D00020057CE96 /* View */ = {
			isa = PBXGroup;
			children = (
				08936FAA2A0CFFFE0057CE96 /* CartView.swift */,
			);
			path = View;
			sourceTree = "<group>";
		};
		08936FAD2A0D00060057CE96 /* Component */ = {
			isa = PBXGroup;
			children = (
				088DA5BE2A3B97B500E68D2C /* CartModal */,
				08D13BB92A3E17DD00E3EAE0 /* CreateIngredientModal */,
				08936FAE2A0D00AE0057CE96 /* IngredientLabel.swift */,
			);
			path = Component;
			sourceTree = "<group>";
		};
		08947BC32A34DAFC002AA9C1 /* AboutUs */ = {
			isa = PBXGroup;
			children = (
				0831DF752A34ED0A004F14B4 /* View */,
				0831DF762A34ED13004F14B4 /* Component */,
			);
			path = AboutUs;
			sourceTree = "<group>";
		};
		08947BC42A34DB06002AA9C1 /* TermsOfService */ = {
			isa = PBXGroup;
			children = (
				0831DF772A34ED41004F14B4 /* View */,
				0831DF782A34ED46004F14B4 /* Component */,
			);
			path = TermsOfService;
			sourceTree = "<group>";
		};
		08947BC52A34DB11002AA9C1 /* PrivacyPolicy */ = {
			isa = PBXGroup;
			children = (
				0831DF7B2A3529A2004F14B4 /* View */,
			);
			path = PrivacyPolicy;
			sourceTree = "<group>";
		};
		08951FAB2A0D9E1000F763CF /* Entities */ = {
			isa = PBXGroup;
			children = (
				089D74422A0C033200A43651 /* ThemeManager.swift */,
				089637212A0D942100340CFE /* Ingredient.swift */,
				08D3333E2A0E4B8100D46C71 /* TabBar.swift */,
				08982FB32A1A8E5900FE921B /* Settings.swift */,
				08D1B5AC2A2A481A0086F41A /* Filters.swift */,
				0831DF892A3771CC004F14B4 /* Notification.swift */,
				08837CE42A3F453E0004EE2C /* PopUp.swift */,
				08B58D6A2A42F277008419F6 /* Errors.swift */,
				08EFF5EA2A508D0E00E78283 /* Recipe.swift */,
			);
			path = Entities;
			sourceTree = "<group>";
		};
		089D74402A0BFD5100A43651 /* Domain */ = {
			isa = PBXGroup;
			children = (
				08951FAB2A0D9E1000F763CF /* Entities */,
			);
			path = Domain;
			sourceTree = "<group>";
		};
		089D74412A0C024700A43651 /* Data */ = {
			isa = PBXGroup;
			children = (
				08B58D5D2A41AEE1008419F6 /* Network */,
				0890D8BF2A38CAFA00B566EE /* Repositories */,
				088F80252A4B2B1E0019897E /* DataController.swift */,
				0891B6542A51DA6D00263540 /* RecipleaseDataModel.xcdatamodeld */,
			);
			path = Data;
			sourceTree = "<group>";
		};
		089D74442A0C2C9200A43651 /* Assets */ = {
			isa = PBXGroup;
			children = (
				089D74452A0C2CDF00A43651 /* Fonts */,
				08B21F692A0BFC6E00CBAC97 /* Assets.xcassets */,
			);
			path = Assets;
			sourceTree = "<group>";
		};
		089D74452A0C2CDF00A43651 /* Fonts */ = {
			isa = PBXGroup;
			children = (
				089D744A2A0C2D4200A43651 /* WorkSans-SemiBold.ttf */,
				089D74482A0C2D3800A43651 /* WorkSans-Medium.ttf */,
				089D744C2A0C2D4D00A43651 /* WorkSans-Regular.ttf */,
				089D74462A0C2D3000A43651 /* WorkSans-Light.ttf */,
			);
			path = Fonts;
			sourceTree = "<group>";
		};
		089D74542A0C4CD900A43651 /* View */ = {
			isa = PBXGroup;
			children = (
				089D74512A0C450E00A43651 /* LaunchScreenView.swift */,
			);
			path = View;
			sourceTree = "<group>";
		};
		089D74552A0C4CE600A43651 /* LaunchScreen */ = {
			isa = PBXGroup;
			children = (
				089D74542A0C4CD900A43651 /* View */,
			);
			path = LaunchScreen;
			sourceTree = "<group>";
		};
		089D74562A0C4D0F00A43651 /* Components */ = {
			isa = PBXGroup;
			children = (
				0831DF842A365061004F14B4 /* SafariRepresentable.swift */,
				08837CE22A3F0C7A0004EE2C /* PopUpMessage.swift */,
				089D744F2A0C425300A43651 /* ValidateButton.swift */,
				08947BBB2A332880002AA9C1 /* CustomTextField.swift */,
				08B58D6F2A445C61008419F6 /* ImageView.swift */,
				08D1B5B12A2B56240086F41A /* DeleteButton.swift */,
				0896371F2A0D6EAB00340CFE /* OptionButton.swift */,
				08B1D92D2A22417D00234781 /* CardOption.swift */,
				0831DF822A360DAE004F14B4 /* SectionTitle.swift */,
			);
			path = Components;
			sourceTree = "<group>";
		};
		08B1D9252A2220B500234781 /* Favorite */ = {
			isa = PBXGroup;
			children = (
				08B1D9262A2220BF00234781 /* View */,
				08EFF5EC2A50917A00E78283 /* ViewModel */,
				08B1D9272A2220D100234781 /* Component */,
			);
			path = Favorite;
			sourceTree = "<group>";
		};
		08B1D9262A2220BF00234781 /* View */ = {
			isa = PBXGroup;
			children = (
				08B1D9282A22227000234781 /* FavoriteView.swift */,
			);
			path = View;
			sourceTree = "<group>";
		};
		08B1D9272A2220D100234781 /* Component */ = {
			isa = PBXGroup;
			children = (
				08B1D92B2A22367D00234781 /* FavoriteCard.swift */,
				08FB5AF62A2A2552009CFA8B /* FavoriteCardButton.swift */,
			);
			path = Component;
			sourceTree = "<group>";
		};
		08B21F592A0BFC6900CBAC97 = {
			isa = PBXGroup;
			children = (
				0825B9562A193F1C00FF271E /* README.md */,
				08B21F642A0BFC6A00CBAC97 /* Reciplease */,
				08B21F7A2A0BFC6F00CBAC97 /* RecipleaseTests */,
				08B21F842A0BFC6F00CBAC97 /* RecipleaseUITests */,
				0825B95A2A193F4F00FF271E /* README Assets */,
				08B21F632A0BFC6A00CBAC97 /* Products */,
			);
			sourceTree = "<group>";
		};
		08B21F632A0BFC6A00CBAC97 /* Products */ = {
			isa = PBXGroup;
			children = (
				08B21F622A0BFC6A00CBAC97 /* Reciplease.app */,
				08B21F772A0BFC6F00CBAC97 /* RecipleaseTests.xctest */,
				08B21F812A0BFC6F00CBAC97 /* RecipleaseUITests.xctest */,
			);
			name = Products;
			sourceTree = "<group>";
		};
		08B21F642A0BFC6A00CBAC97 /* Reciplease */ = {
			isa = PBXGroup;
			children = (
				089D74402A0BFD5100A43651 /* Domain */,
				08B21F972A0BFCBE00CBAC97 /* Application */,
				08B21F982A0BFCC300CBAC97 /* Presentation */,
				089D74412A0C024700A43651 /* Data */,
				08B21F962A0BFCA700CBAC97 /* Extensions */,
				08B21F6B2A0BFC6E00CBAC97 /* Preview Content */,
			);
			path = Reciplease;
			sourceTree = "<group>";
		};
		08B21F6B2A0BFC6E00CBAC97 /* Preview Content */ = {
			isa = PBXGroup;
			children = (
				08B21F6C2A0BFC6E00CBAC97 /* Preview Assets.xcassets */,
			);
			path = "Preview Content";
			sourceTree = "<group>";
		};
		08B21F7A2A0BFC6F00CBAC97 /* RecipleaseTests */ = {
			isa = PBXGroup;
			children = (
				08D13BBB2A3E365E00E3EAE0 /* CartTests.swift */,
				08BFBAEE2A48B677006C7642 /* RecipeTests.swift */,
				083D801D2A5C25D9001C12C1 /* RecipeData.json */,
				083D801B2A5C0F85001C12C1 /* Env_test.plist */,
				086755D72A5B56DE00607894 /* FavoriteTests.swift */,
			);
			path = RecipleaseTests;
			sourceTree = "<group>";
		};
		08B21F842A0BFC6F00CBAC97 /* RecipleaseUITests */ = {
			isa = PBXGroup;
			children = (
				08B21F852A0BFC6F00CBAC97 /* RecipleaseUITests.swift */,
				08B21F872A0BFC6F00CBAC97 /* RecipleaseUITestsLaunchTests.swift */,
			);
			path = RecipleaseUITests;
			sourceTree = "<group>";
		};
		08B21F962A0BFCA700CBAC97 /* Extensions */ = {
			isa = PBXGroup;
			children = (
				08B21F942A0BFC9400CBAC97 /* Style.swift */,
			);
			path = Extensions;
			sourceTree = "<group>";
		};
		08B21F972A0BFCBE00CBAC97 /* Application */ = {
			isa = PBXGroup;
			children = (
				089D74442A0C2C9200A43651 /* Assets */,
				08B21F652A0BFC6A00CBAC97 /* RecipleaseApp.swift */,
				089D74532A0C481800A43651 /* Info.plist */,
				08B58D632A41B70E008419F6 /* Env.plist */,
			);
			path = Application;
			sourceTree = "<group>";
		};
		08B21F982A0BFCC300CBAC97 /* Presentation */ = {
			isa = PBXGroup;
			children = (
				089D74552A0C4CE600A43651 /* LaunchScreen */,
				08D3333A2A0E47D600D46C71 /* TabBar */,
				08936FA92A0CFFD60057CE96 /* Cart */,
				08D009B72A23EC6C00166035 /* Recipe */,
				08CB831C2A4071540022899F /* Dish */,
				08B1D9252A2220B500234781 /* Favorite */,
				0825B95C2A1940CB00FF271E /* Settings */,
				089D74562A0C4D0F00A43651 /* Components */,
			);
			path = Presentation;
			sourceTree = "<group>";
		};
		08B58D5D2A41AEE1008419F6 /* Network */ = {
			isa = PBXGroup;
			children = (
				08B58D612A41B5E5008419F6 /* APIEndpoints.swift */,
				08B58D652A42394F008419F6 /* APIRecipe.swift */,
				08B58D5E2A41AEE9008419F6 /* Data Mapping */,
			);
			path = Network;
			sourceTree = "<group>";
		};
		08B58D5E2A41AEE9008419F6 /* Data Mapping */ = {
			isa = PBXGroup;
			children = (
				08B58D5F2A41B3C9008419F6 /* Recipe+Decodable.swift */,
			);
			path = "Data Mapping";
			sourceTree = "<group>";
		};
		08B58D6C2A432E6A008419F6 /* ViewModel */ = {
			isa = PBXGroup;
			children = (
				08B58D6D2A432E8F008419F6 /* RecipeViewModel.swift */,
			);
			path = ViewModel;
			sourceTree = "<group>";
		};
		08CB831C2A4071540022899F /* Dish */ = {
			isa = PBXGroup;
			children = (
				08CB831D2A40715A0022899F /* View */,
				08CB831F2A4071680022899F /* Components */,
			);
			path = Dish;
			sourceTree = "<group>";
		};
		08CB831D2A40715A0022899F /* View */ = {
			isa = PBXGroup;
			children = (
				08CB83202A4071800022899F /* DishView.swift */,
			);
			path = View;
			sourceTree = "<group>";
		};
		08CB831F2A4071680022899F /* Components */ = {
			isa = PBXGroup;
			children = (
				08CB83222A4078060022899F /* DishFavoriteButton.swift */,
				08CB83262A4088400022899F /* IngredientListLabel.swift */,
				08CB83242A407D5A0022899F /* NutrimentLabel.swift */,
				08CB83292A408A8E0022899F /* IngredientRow.swift */,
			);
			path = Components;
			sourceTree = "<group>";
		};
		08D009B72A23EC6C00166035 /* Recipe */ = {
			isa = PBXGroup;
			children = (
				08D009B82A23EC7200166035 /* View */,
				08B58D6C2A432E6A008419F6 /* ViewModel */,
				08D009B92A23EC7700166035 /* Component */,
			);
			path = Recipe;
			sourceTree = "<group>";
		};
		08D009B82A23EC7200166035 /* View */ = {
			isa = PBXGroup;
			children = (
				088DA5BA2A3B243600E68D2C /* RecipeView.swift */,
			);
			path = View;
			sourceTree = "<group>";
		};
		08D009B92A23EC7700166035 /* Component */ = {
			isa = PBXGroup;
			children = (
				08FB5AF22A28A94D009CFA8B /* RecipeCard.swift */,
				08FB5AF42A2901DB009CFA8B /* FavoriteButton.swift */,
			);
			path = Component;
			sourceTree = "<group>";
		};
		08D13BB92A3E17DD00E3EAE0 /* CreateIngredientModal */ = {
			isa = PBXGroup;
			children = (
				08D13BBA2A3E180800E3EAE0 /* View */,
			);
			path = CreateIngredientModal;
			sourceTree = "<group>";
		};
		08D13BBA2A3E180800E3EAE0 /* View */ = {
			isa = PBXGroup;
			children = (
				08947BB92A331F4A002AA9C1 /* CreateIngredientView.swift */,
			);
			path = View;
			sourceTree = "<group>";
		};
		08D333372A0E445600D46C71 /* ViewModel */ = {
			isa = PBXGroup;
			children = (
				08D333382A0E446C00D46C71 /* CartViewModel.swift */,
			);
			path = ViewModel;
			sourceTree = "<group>";
		};
		08D3333A2A0E47D600D46C71 /* TabBar */ = {
			isa = PBXGroup;
			children = (
				08D3333B2A0E47DE00D46C71 /* View */,
				08D333402A0E4C4C00D46C71 /* Component */,
			);
			path = TabBar;
			sourceTree = "<group>";
		};
		08D3333B2A0E47DE00D46C71 /* View */ = {
			isa = PBXGroup;
			children = (
				08D3333C2A0E47F200D46C71 /* TabBarView.swift */,
			);
			path = View;
			sourceTree = "<group>";
		};
		08D333402A0E4C4C00D46C71 /* Component */ = {
			isa = PBXGroup;
			children = (
				08D333412A0E4C6000D46C71 /* CustomTabBar.swift */,
			);
			path = Component;
			sourceTree = "<group>";
		};
		08EFF5EC2A50917A00E78283 /* ViewModel */ = {
			isa = PBXGroup;
			children = (
				08EFF5ED2A50919700E78283 /* FavoriteViewModel.swift */,
			);
			path = ViewModel;
			sourceTree = "<group>";
		};
/* End PBXGroup section */

/* Begin PBXNativeTarget section */
		08B21F612A0BFC6900CBAC97 /* Reciplease */ = {
			isa = PBXNativeTarget;
			buildConfigurationList = 08B21F8B2A0BFC6F00CBAC97 /* Build configuration list for PBXNativeTarget "Reciplease" */;
			buildPhases = (
				08B21F5E2A0BFC6900CBAC97 /* Sources */,
				08B21F5F2A0BFC6900CBAC97 /* Frameworks */,
				08B21F602A0BFC6900CBAC97 /* Resources */,
			);
			buildRules = (
			);
			dependencies = (
			);
			name = Reciplease;
			packageProductDependencies = (
				08D1B5AF2A2A5D8C0086F41A /* WrappingHStack */,
				08B58D682A423A46008419F6 /* Alamofire */,
			);
			productName = Reciplease;
			productReference = 08B21F622A0BFC6A00CBAC97 /* Reciplease.app */;
			productType = "com.apple.product-type.application";
		};
		08B21F762A0BFC6F00CBAC97 /* RecipleaseTests */ = {
			isa = PBXNativeTarget;
			buildConfigurationList = 08B21F8E2A0BFC6F00CBAC97 /* Build configuration list for PBXNativeTarget "RecipleaseTests" */;
			buildPhases = (
				08B21F732A0BFC6F00CBAC97 /* Sources */,
				08B21F742A0BFC6F00CBAC97 /* Frameworks */,
				08B21F752A0BFC6F00CBAC97 /* Resources */,
			);
			buildRules = (
			);
			dependencies = (
				08B21F792A0BFC6F00CBAC97 /* PBXTargetDependency */,
			);
			name = RecipleaseTests;
			productName = RecipleaseTests;
			productReference = 08B21F772A0BFC6F00CBAC97 /* RecipleaseTests.xctest */;
			productType = "com.apple.product-type.bundle.unit-test";
		};
		08B21F802A0BFC6F00CBAC97 /* RecipleaseUITests */ = {
			isa = PBXNativeTarget;
			buildConfigurationList = 08B21F912A0BFC6F00CBAC97 /* Build configuration list for PBXNativeTarget "RecipleaseUITests" */;
			buildPhases = (
				08B21F7D2A0BFC6F00CBAC97 /* Sources */,
				08B21F7E2A0BFC6F00CBAC97 /* Frameworks */,
				08B21F7F2A0BFC6F00CBAC97 /* Resources */,
			);
			buildRules = (
			);
			dependencies = (
				08B21F832A0BFC6F00CBAC97 /* PBXTargetDependency */,
			);
			name = RecipleaseUITests;
			productName = RecipleaseUITests;
			productReference = 08B21F812A0BFC6F00CBAC97 /* RecipleaseUITests.xctest */;
			productType = "com.apple.product-type.bundle.ui-testing";
		};
/* End PBXNativeTarget section */

/* Begin PBXProject section */
		08B21F5A2A0BFC6900CBAC97 /* Project object */ = {
			isa = PBXProject;
			attributes = {
				BuildIndependentTargetsInParallel = 1;
				LastSwiftUpdateCheck = 1400;
				LastUpgradeCheck = 1400;
				TargetAttributes = {
					08B21F612A0BFC6900CBAC97 = {
						CreatedOnToolsVersion = 14.0;
					};
					08B21F762A0BFC6F00CBAC97 = {
						CreatedOnToolsVersion = 14.0;
						TestTargetID = 08B21F612A0BFC6900CBAC97;
					};
					08B21F802A0BFC6F00CBAC97 = {
						CreatedOnToolsVersion = 14.0;
						TestTargetID = 08B21F612A0BFC6900CBAC97;
					};
				};
			};
			buildConfigurationList = 08B21F5D2A0BFC6900CBAC97 /* Build configuration list for PBXProject "Reciplease" */;
			compatibilityVersion = "Xcode 14.0";
			developmentRegion = en;
			hasScannedForEncodings = 0;
			knownRegions = (
				en,
				Base,
			);
			mainGroup = 08B21F592A0BFC6900CBAC97;
			packageReferences = (
				08D1B5AE2A2A5D8C0086F41A /* XCRemoteSwiftPackageReference "WrappingHStack" */,
				08B58D672A423A46008419F6 /* XCRemoteSwiftPackageReference "Alamofire" */,
			);
			productRefGroup = 08B21F632A0BFC6A00CBAC97 /* Products */;
			projectDirPath = "";
			projectRoot = "";
			targets = (
				08B21F612A0BFC6900CBAC97 /* Reciplease */,
				08B21F762A0BFC6F00CBAC97 /* RecipleaseTests */,
				08B21F802A0BFC6F00CBAC97 /* RecipleaseUITests */,
			);
		};
/* End PBXProject section */

/* Begin PBXResourcesBuildPhase section */
		08B21F602A0BFC6900CBAC97 /* Resources */ = {
			isa = PBXResourcesBuildPhase;
			buildActionMask = 2147483647;
			files = (
				089D744B2A0C2D4200A43651 /* WorkSans-SemiBold.ttf in Resources */,
				08B21F6D2A0BFC6E00CBAC97 /* Preview Assets.xcassets in Resources */,
				089D74492A0C2D3800A43651 /* WorkSans-Medium.ttf in Resources */,
				089D744D2A0C2D4D00A43651 /* WorkSans-Regular.ttf in Resources */,
				089D74472A0C2D3000A43651 /* WorkSans-Light.ttf in Resources */,
				08B21F6A2A0BFC6E00CBAC97 /* Assets.xcassets in Resources */,
				08B58D642A41B70E008419F6 /* Env.plist in Resources */,
			);
			runOnlyForDeploymentPostprocessing = 0;
		};
		08B21F752A0BFC6F00CBAC97 /* Resources */ = {
			isa = PBXResourcesBuildPhase;
			buildActionMask = 2147483647;
			files = (
				083D801C2A5C0F85001C12C1 /* Env_test.plist in Resources */,
				083D801E2A5C25DA001C12C1 /* RecipeData.json in Resources */,
			);
			runOnlyForDeploymentPostprocessing = 0;
		};
		08B21F7F2A0BFC6F00CBAC97 /* Resources */ = {
			isa = PBXResourcesBuildPhase;
			buildActionMask = 2147483647;
			files = (
			);
			runOnlyForDeploymentPostprocessing = 0;
		};
/* End PBXResourcesBuildPhase section */

/* Begin PBXSourcesBuildPhase section */
		08B21F5E2A0BFC6900CBAC97 /* Sources */ = {
			isa = PBXSourcesBuildPhase;
			buildActionMask = 2147483647;
			files = (
				08D333392A0E446C00D46C71 /* CartViewModel.swift in Sources */,
				08CB83272A4088400022899F /* IngredientListLabel.swift in Sources */,
				08D333422A0E4C6000D46C71 /* CustomTabBar.swift in Sources */,
				08CB832A2A408A8E0022899F /* IngredientRow.swift in Sources */,
				089637202A0D6EAB00340CFE /* OptionButton.swift in Sources */,
				08D3333D2A0E47F200D46C71 /* TabBarView.swift in Sources */,
				08D1B5B22A2B56240086F41A /* DeleteButton.swift in Sources */,
				08B58D6B2A42F277008419F6 /* Errors.swift in Sources */,
				08CB83252A407D5A0022899F /* NutrimentLabel.swift in Sources */,
				089D74502A0C425300A43651 /* ValidateButton.swift in Sources */,
				088F80262A4B2B1E0019897E /* DataController.swift in Sources */,
				08D1B5AD2A2A481A0086F41A /* Filters.swift in Sources */,
				088DA5BB2A3B243600E68D2C /* RecipeView.swift in Sources */,
				08837CE52A3F453E0004EE2C /* PopUp.swift in Sources */,
				089D74522A0C450E00A43651 /* LaunchScreenView.swift in Sources */,
				08936FAF2A0D00AE0057CE96 /* IngredientLabel.swift in Sources */,
				0831DF852A365061004F14B4 /* SafariRepresentable.swift in Sources */,
				0825B9652A19419F00FF271E /* SettingsLabel.swift in Sources */,
				08FB5AF32A28A94D009CFA8B /* RecipeCard.swift in Sources */,
				08B1D92E2A22417D00234781 /* CardOption.swift in Sources */,
				08947BC02A34C250002AA9C1 /* TechnosLabel.swift in Sources */,
				08B58D6E2A432E8F008419F6 /* RecipeViewModel.swift in Sources */,
				088DA5BD2A3B974F00E68D2C /* CartModalView.swift in Sources */,
				0890D8BE2A3897EB00B566EE /* AppSettings.swift in Sources */,
				08B58D622A41B5E5008419F6 /* APIEndpoints.swift in Sources */,
				08EFF5EE2A50919700E78283 /* FavoriteViewModel.swift in Sources */,
				0831DF7A2A3529A1004F14B4 /* PrivacyPolicyView.swift in Sources */,
				08947BC72A34DBFD002AA9C1 /* TermsSection.swift in Sources */,
				0831DF832A360DAE004F14B4 /* SectionTitle.swift in Sources */,
				089D74432A0C033200A43651 /* ThemeManager.swift in Sources */,
				08CB83232A4078060022899F /* DishFavoriteButton.swift in Sources */,
				08837CE32A3F0C7A0004EE2C /* PopUpMessage.swift in Sources */,
				088DA5C42A3B98A400E68D2C /* IngredientSelected.swift in Sources */,
				08982FB42A1A8E5900FE921B /* Settings.swift in Sources */,
				0825B9632A19412C00FF271E /* SettingsView.swift in Sources */,
				08B58D662A42394F008419F6 /* APIRecipe.swift in Sources */,
				08B21F662A0BFC6A00CBAC97 /* RecipleaseApp.swift in Sources */,
				08936FAB2A0CFFFE0057CE96 /* CartView.swift in Sources */,
				08CB83212A4071800022899F /* DishView.swift in Sources */,
				08947BC22A34D4B2002AA9C1 /* TermsOfServiceView.swift in Sources */,
				08B58D602A41B3C9008419F6 /* Recipe+Decodable.swift in Sources */,
				0831DF812A36036B004F14B4 /* LinkButton.swift in Sources */,
				08947BBC2A332880002AA9C1 /* CustomTextField.swift in Sources */,
				0891B6562A51DA6D00263540 /* RecipleaseDataModel.xcdatamodeld in Sources */,
				08947BBE2A349002002AA9C1 /* AboutUsView.swift in Sources */,
				08FB5AF72A2A2553009CFA8B /* FavoriteCardButton.swift in Sources */,
				08B21F952A0BFC9400CBAC97 /* Style.swift in Sources */,
				08B58D702A445C61008419F6 /* ImageView.swift in Sources */,
				089637222A0D942100340CFE /* Ingredient.swift in Sources */,
				08B1D9292A22227100234781 /* FavoriteView.swift in Sources */,
				08D3333F2A0E4B8100D46C71 /* TabBar.swift in Sources */,
				08B1D92C2A22367D00234781 /* FavoriteCard.swift in Sources */,
				0831DF8A2A3771CC004F14B4 /* Notification.swift in Sources */,
				08FB5AF52A2901DB009CFA8B /* FavoriteButton.swift in Sources */,
				08EFF5EB2A508D0E00E78283 /* Recipe.swift in Sources */,
				08947BBA2A331F4B002AA9C1 /* CreateIngredientView.swift in Sources */,
				0831DF882A374D30004F14B4 /* SettingsViewModel.swift in Sources */,
			);
			runOnlyForDeploymentPostprocessing = 0;
		};
		08B21F732A0BFC6F00CBAC97 /* Sources */ = {
			isa = PBXSourcesBuildPhase;
			buildActionMask = 2147483647;
			files = (
				08BFBAEF2A48B677006C7642 /* RecipeTests.swift in Sources */,
				086755D82A5B56DE00607894 /* FavoriteTests.swift in Sources */,
				08D13BBC2A3E365E00E3EAE0 /* CartTests.swift in Sources */,
			);
			runOnlyForDeploymentPostprocessing = 0;
		};
		08B21F7D2A0BFC6F00CBAC97 /* Sources */ = {
			isa = PBXSourcesBuildPhase;
			buildActionMask = 2147483647;
			files = (
				08B21F862A0BFC6F00CBAC97 /* RecipleaseUITests.swift in Sources */,
				08B21F882A0BFC6F00CBAC97 /* RecipleaseUITestsLaunchTests.swift in Sources */,
			);
			runOnlyForDeploymentPostprocessing = 0;
		};
/* End PBXSourcesBuildPhase section */

/* Begin PBXTargetDependency section */
		08B21F792A0BFC6F00CBAC97 /* PBXTargetDependency */ = {
			isa = PBXTargetDependency;
			target = 08B21F612A0BFC6900CBAC97 /* Reciplease */;
			targetProxy = 08B21F782A0BFC6F00CBAC97 /* PBXContainerItemProxy */;
		};
		08B21F832A0BFC6F00CBAC97 /* PBXTargetDependency */ = {
			isa = PBXTargetDependency;
			target = 08B21F612A0BFC6900CBAC97 /* Reciplease */;
			targetProxy = 08B21F822A0BFC6F00CBAC97 /* PBXContainerItemProxy */;
		};
/* End PBXTargetDependency section */

/* Begin XCBuildConfiguration section */
		08B21F892A0BFC6F00CBAC97 /* Debug */ = {
			isa = XCBuildConfiguration;
			buildSettings = {
				ALWAYS_SEARCH_USER_PATHS = NO;
				CLANG_ANALYZER_NONNULL = YES;
				CLANG_ANALYZER_NUMBER_OBJECT_CONVERSION = YES_AGGRESSIVE;
				CLANG_CXX_LANGUAGE_STANDARD = "gnu++20";
				CLANG_ENABLE_MODULES = YES;
				CLANG_ENABLE_OBJC_ARC = YES;
				CLANG_ENABLE_OBJC_WEAK = YES;
				CLANG_WARN_BLOCK_CAPTURE_AUTORELEASING = YES;
				CLANG_WARN_BOOL_CONVERSION = YES;
				CLANG_WARN_COMMA = YES;
				CLANG_WARN_CONSTANT_CONVERSION = YES;
				CLANG_WARN_DEPRECATED_OBJC_IMPLEMENTATIONS = YES;
				CLANG_WARN_DIRECT_OBJC_ISA_USAGE = YES_ERROR;
				CLANG_WARN_DOCUMENTATION_COMMENTS = YES;
				CLANG_WARN_EMPTY_BODY = YES;
				CLANG_WARN_ENUM_CONVERSION = YES;
				CLANG_WARN_INFINITE_RECURSION = YES;
				CLANG_WARN_INT_CONVERSION = YES;
				CLANG_WARN_NON_LITERAL_NULL_CONVERSION = YES;
				CLANG_WARN_OBJC_IMPLICIT_RETAIN_SELF = YES;
				CLANG_WARN_OBJC_LITERAL_CONVERSION = YES;
				CLANG_WARN_OBJC_ROOT_CLASS = YES_ERROR;
				CLANG_WARN_QUOTED_INCLUDE_IN_FRAMEWORK_HEADER = YES;
				CLANG_WARN_RANGE_LOOP_ANALYSIS = YES;
				CLANG_WARN_STRICT_PROTOTYPES = YES;
				CLANG_WARN_SUSPICIOUS_MOVE = YES;
				CLANG_WARN_UNGUARDED_AVAILABILITY = YES_AGGRESSIVE;
				CLANG_WARN_UNREACHABLE_CODE = YES;
				CLANG_WARN__DUPLICATE_METHOD_MATCH = YES;
				COPY_PHASE_STRIP = NO;
				DEBUG_INFORMATION_FORMAT = dwarf;
				ENABLE_STRICT_OBJC_MSGSEND = YES;
				ENABLE_TESTABILITY = YES;
				GCC_C_LANGUAGE_STANDARD = gnu11;
				GCC_DYNAMIC_NO_PIC = NO;
				GCC_NO_COMMON_BLOCKS = YES;
				GCC_OPTIMIZATION_LEVEL = 0;
				GCC_PREPROCESSOR_DEFINITIONS = (
					"DEBUG=1",
					"$(inherited)",
				);
				GCC_WARN_64_TO_32_BIT_CONVERSION = YES;
				GCC_WARN_ABOUT_RETURN_TYPE = YES_ERROR;
				GCC_WARN_UNDECLARED_SELECTOR = YES;
				GCC_WARN_UNINITIALIZED_AUTOS = YES_AGGRESSIVE;
				GCC_WARN_UNUSED_FUNCTION = YES;
				GCC_WARN_UNUSED_VARIABLE = YES;
				IPHONEOS_DEPLOYMENT_TARGET = 16.0;
				MTL_ENABLE_DEBUG_INFO = INCLUDE_SOURCE;
				MTL_FAST_MATH = YES;
				ONLY_ACTIVE_ARCH = YES;
				SDKROOT = iphoneos;
				SWIFT_ACTIVE_COMPILATION_CONDITIONS = DEBUG;
				SWIFT_OPTIMIZATION_LEVEL = "-Onone";
			};
			name = Debug;
		};
		08B21F8A2A0BFC6F00CBAC97 /* Release */ = {
			isa = XCBuildConfiguration;
			buildSettings = {
				ALWAYS_SEARCH_USER_PATHS = NO;
				CLANG_ANALYZER_NONNULL = YES;
				CLANG_ANALYZER_NUMBER_OBJECT_CONVERSION = YES_AGGRESSIVE;
				CLANG_CXX_LANGUAGE_STANDARD = "gnu++20";
				CLANG_ENABLE_MODULES = YES;
				CLANG_ENABLE_OBJC_ARC = YES;
				CLANG_ENABLE_OBJC_WEAK = YES;
				CLANG_WARN_BLOCK_CAPTURE_AUTORELEASING = YES;
				CLANG_WARN_BOOL_CONVERSION = YES;
				CLANG_WARN_COMMA = YES;
				CLANG_WARN_CONSTANT_CONVERSION = YES;
				CLANG_WARN_DEPRECATED_OBJC_IMPLEMENTATIONS = YES;
				CLANG_WARN_DIRECT_OBJC_ISA_USAGE = YES_ERROR;
				CLANG_WARN_DOCUMENTATION_COMMENTS = YES;
				CLANG_WARN_EMPTY_BODY = YES;
				CLANG_WARN_ENUM_CONVERSION = YES;
				CLANG_WARN_INFINITE_RECURSION = YES;
				CLANG_WARN_INT_CONVERSION = YES;
				CLANG_WARN_NON_LITERAL_NULL_CONVERSION = YES;
				CLANG_WARN_OBJC_IMPLICIT_RETAIN_SELF = YES;
				CLANG_WARN_OBJC_LITERAL_CONVERSION = YES;
				CLANG_WARN_OBJC_ROOT_CLASS = YES_ERROR;
				CLANG_WARN_QUOTED_INCLUDE_IN_FRAMEWORK_HEADER = YES;
				CLANG_WARN_RANGE_LOOP_ANALYSIS = YES;
				CLANG_WARN_STRICT_PROTOTYPES = YES;
				CLANG_WARN_SUSPICIOUS_MOVE = YES;
				CLANG_WARN_UNGUARDED_AVAILABILITY = YES_AGGRESSIVE;
				CLANG_WARN_UNREACHABLE_CODE = YES;
				CLANG_WARN__DUPLICATE_METHOD_MATCH = YES;
				COPY_PHASE_STRIP = NO;
				DEBUG_INFORMATION_FORMAT = "dwarf-with-dsym";
				ENABLE_NS_ASSERTIONS = NO;
				ENABLE_STRICT_OBJC_MSGSEND = YES;
				GCC_C_LANGUAGE_STANDARD = gnu11;
				GCC_NO_COMMON_BLOCKS = YES;
				GCC_WARN_64_TO_32_BIT_CONVERSION = YES;
				GCC_WARN_ABOUT_RETURN_TYPE = YES_ERROR;
				GCC_WARN_UNDECLARED_SELECTOR = YES;
				GCC_WARN_UNINITIALIZED_AUTOS = YES_AGGRESSIVE;
				GCC_WARN_UNUSED_FUNCTION = YES;
				GCC_WARN_UNUSED_VARIABLE = YES;
				IPHONEOS_DEPLOYMENT_TARGET = 16.0;
				MTL_ENABLE_DEBUG_INFO = NO;
				MTL_FAST_MATH = YES;
				SDKROOT = iphoneos;
				SWIFT_COMPILATION_MODE = wholemodule;
				SWIFT_OPTIMIZATION_LEVEL = "-O";
				VALIDATE_PRODUCT = YES;
			};
			name = Release;
		};
		08B21F8C2A0BFC6F00CBAC97 /* Debug */ = {
			isa = XCBuildConfiguration;
			buildSettings = {
				ASSETCATALOG_COMPILER_APPICON_NAME = AppIcon;
				ASSETCATALOG_COMPILER_GLOBAL_ACCENT_COLOR_NAME = AccentColor;
				CODE_SIGN_STYLE = Automatic;
				CURRENT_PROJECT_VERSION = 1;
				DEVELOPMENT_ASSET_PATHS = "\"Reciplease/Preview Content\"";
				DEVELOPMENT_TEAM = MC9L8ULM7A;
				ENABLE_PREVIEWS = YES;
				GENERATE_INFOPLIST_FILE = YES;
				INFOPLIST_FILE = Reciplease/Application/Info.plist;
				INFOPLIST_KEY_UIApplicationSceneManifest_Generation = YES;
				INFOPLIST_KEY_UIApplicationSupportsIndirectInputEvents = YES;
				INFOPLIST_KEY_UILaunchScreen_Generation = YES;
				INFOPLIST_KEY_UISupportedInterfaceOrientations_iPad = "UIInterfaceOrientationPortrait UIInterfaceOrientationPortraitUpsideDown UIInterfaceOrientationLandscapeLeft UIInterfaceOrientationLandscapeRight";
				INFOPLIST_KEY_UISupportedInterfaceOrientations_iPhone = "UIInterfaceOrientationPortrait UIInterfaceOrientationLandscapeLeft UIInterfaceOrientationLandscapeRight";
				IPHONEOS_DEPLOYMENT_TARGET = 15.0;
				LD_RUNPATH_SEARCH_PATHS = (
					"$(inherited)",
					"@executable_path/Frameworks",
				);
				MARKETING_VERSION = 1.0;
				PRODUCT_BUNDLE_IDENTIFIER = OpenClassrooms.Reciplease;
				PRODUCT_NAME = "$(TARGET_NAME)";
				SWIFT_EMIT_LOC_STRINGS = YES;
				SWIFT_VERSION = 5.0;
				TARGETED_DEVICE_FAMILY = "1,2";
			};
			name = Debug;
		};
		08B21F8D2A0BFC6F00CBAC97 /* Release */ = {
			isa = XCBuildConfiguration;
			buildSettings = {
				ASSETCATALOG_COMPILER_APPICON_NAME = AppIcon;
				ASSETCATALOG_COMPILER_GLOBAL_ACCENT_COLOR_NAME = AccentColor;
				CODE_SIGN_STYLE = Automatic;
				CURRENT_PROJECT_VERSION = 1;
				DEVELOPMENT_ASSET_PATHS = "\"Reciplease/Preview Content\"";
				DEVELOPMENT_TEAM = MC9L8ULM7A;
				ENABLE_PREVIEWS = YES;
				GENERATE_INFOPLIST_FILE = YES;
				INFOPLIST_FILE = Reciplease/Application/Info.plist;
				INFOPLIST_KEY_UIApplicationSceneManifest_Generation = YES;
				INFOPLIST_KEY_UIApplicationSupportsIndirectInputEvents = YES;
				INFOPLIST_KEY_UILaunchScreen_Generation = YES;
				INFOPLIST_KEY_UISupportedInterfaceOrientations_iPad = "UIInterfaceOrientationPortrait UIInterfaceOrientationPortraitUpsideDown UIInterfaceOrientationLandscapeLeft UIInterfaceOrientationLandscapeRight";
				INFOPLIST_KEY_UISupportedInterfaceOrientations_iPhone = "UIInterfaceOrientationPortrait UIInterfaceOrientationLandscapeLeft UIInterfaceOrientationLandscapeRight";
				IPHONEOS_DEPLOYMENT_TARGET = 15.0;
				LD_RUNPATH_SEARCH_PATHS = (
					"$(inherited)",
					"@executable_path/Frameworks",
				);
				MARKETING_VERSION = 1.0;
				PRODUCT_BUNDLE_IDENTIFIER = OpenClassrooms.Reciplease;
				PRODUCT_NAME = "$(TARGET_NAME)";
				SWIFT_EMIT_LOC_STRINGS = YES;
				SWIFT_VERSION = 5.0;
				TARGETED_DEVICE_FAMILY = "1,2";
			};
			name = Release;
		};
		08B21F8F2A0BFC6F00CBAC97 /* Debug */ = {
			isa = XCBuildConfiguration;
			buildSettings = {
				ALWAYS_EMBED_SWIFT_STANDARD_LIBRARIES = YES;
				BUNDLE_LOADER = "$(TEST_HOST)";
				CODE_SIGN_STYLE = Automatic;
				CURRENT_PROJECT_VERSION = 1;
				DEVELOPMENT_TEAM = MC9L8ULM7A;
				GENERATE_INFOPLIST_FILE = YES;
				IPHONEOS_DEPLOYMENT_TARGET = 16.0;
				MARKETING_VERSION = 1.0;
				PRODUCT_BUNDLE_IDENTIFIER = OpenClassrooms.RecipleaseTests;
				PRODUCT_NAME = "$(TARGET_NAME)";
				SWIFT_EMIT_LOC_STRINGS = NO;
				SWIFT_VERSION = 5.0;
				TARGETED_DEVICE_FAMILY = "1,2";
				TEST_HOST = "$(BUILT_PRODUCTS_DIR)/Reciplease.app/$(BUNDLE_EXECUTABLE_FOLDER_PATH)/Reciplease";
			};
			name = Debug;
		};
		08B21F902A0BFC6F00CBAC97 /* Release */ = {
			isa = XCBuildConfiguration;
			buildSettings = {
				ALWAYS_EMBED_SWIFT_STANDARD_LIBRARIES = YES;
				BUNDLE_LOADER = "$(TEST_HOST)";
				CODE_SIGN_STYLE = Automatic;
				CURRENT_PROJECT_VERSION = 1;
				DEVELOPMENT_TEAM = MC9L8ULM7A;
				GENERATE_INFOPLIST_FILE = YES;
				IPHONEOS_DEPLOYMENT_TARGET = 16.0;
				MARKETING_VERSION = 1.0;
				PRODUCT_BUNDLE_IDENTIFIER = OpenClassrooms.RecipleaseTests;
				PRODUCT_NAME = "$(TARGET_NAME)";
				SWIFT_EMIT_LOC_STRINGS = NO;
				SWIFT_VERSION = 5.0;
				TARGETED_DEVICE_FAMILY = "1,2";
				TEST_HOST = "$(BUILT_PRODUCTS_DIR)/Reciplease.app/$(BUNDLE_EXECUTABLE_FOLDER_PATH)/Reciplease";
			};
			name = Release;
		};
		08B21F922A0BFC6F00CBAC97 /* Debug */ = {
			isa = XCBuildConfiguration;
			buildSettings = {
				ALWAYS_EMBED_SWIFT_STANDARD_LIBRARIES = YES;
				CODE_SIGN_STYLE = Automatic;
				CURRENT_PROJECT_VERSION = 1;
				DEVELOPMENT_TEAM = MC9L8ULM7A;
				GENERATE_INFOPLIST_FILE = YES;
				MARKETING_VERSION = 1.0;
				PRODUCT_BUNDLE_IDENTIFIER = OpenClassrooms.RecipleaseUITests;
				PRODUCT_NAME = "$(TARGET_NAME)";
				SWIFT_EMIT_LOC_STRINGS = NO;
				SWIFT_VERSION = 5.0;
				TARGETED_DEVICE_FAMILY = "1,2";
				TEST_TARGET_NAME = Reciplease;
			};
			name = Debug;
		};
		08B21F932A0BFC6F00CBAC97 /* Release */ = {
			isa = XCBuildConfiguration;
			buildSettings = {
				ALWAYS_EMBED_SWIFT_STANDARD_LIBRARIES = YES;
				CODE_SIGN_STYLE = Automatic;
				CURRENT_PROJECT_VERSION = 1;
				DEVELOPMENT_TEAM = MC9L8ULM7A;
				GENERATE_INFOPLIST_FILE = YES;
				MARKETING_VERSION = 1.0;
				PRODUCT_BUNDLE_IDENTIFIER = OpenClassrooms.RecipleaseUITests;
				PRODUCT_NAME = "$(TARGET_NAME)";
				SWIFT_EMIT_LOC_STRINGS = NO;
				SWIFT_VERSION = 5.0;
				TARGETED_DEVICE_FAMILY = "1,2";
				TEST_TARGET_NAME = Reciplease;
			};
			name = Release;
		};
/* End XCBuildConfiguration section */

/* Begin XCConfigurationList section */
		08B21F5D2A0BFC6900CBAC97 /* Build configuration list for PBXProject "Reciplease" */ = {
			isa = XCConfigurationList;
			buildConfigurations = (
				08B21F892A0BFC6F00CBAC97 /* Debug */,
				08B21F8A2A0BFC6F00CBAC97 /* Release */,
			);
			defaultConfigurationIsVisible = 0;
			defaultConfigurationName = Release;
		};
		08B21F8B2A0BFC6F00CBAC97 /* Build configuration list for PBXNativeTarget "Reciplease" */ = {
			isa = XCConfigurationList;
			buildConfigurations = (
				08B21F8C2A0BFC6F00CBAC97 /* Debug */,
				08B21F8D2A0BFC6F00CBAC97 /* Release */,
			);
			defaultConfigurationIsVisible = 0;
			defaultConfigurationName = Release;
		};
		08B21F8E2A0BFC6F00CBAC97 /* Build configuration list for PBXNativeTarget "RecipleaseTests" */ = {
			isa = XCConfigurationList;
			buildConfigurations = (
				08B21F8F2A0BFC6F00CBAC97 /* Debug */,
				08B21F902A0BFC6F00CBAC97 /* Release */,
			);
			defaultConfigurationIsVisible = 0;
			defaultConfigurationName = Release;
		};
		08B21F912A0BFC6F00CBAC97 /* Build configuration list for PBXNativeTarget "RecipleaseUITests" */ = {
			isa = XCConfigurationList;
			buildConfigurations = (
				08B21F922A0BFC6F00CBAC97 /* Debug */,
				08B21F932A0BFC6F00CBAC97 /* Release */,
			);
			defaultConfigurationIsVisible = 0;
			defaultConfigurationName = Release;
		};
/* End XCConfigurationList section */

/* Begin XCRemoteSwiftPackageReference section */
		08B58D672A423A46008419F6 /* XCRemoteSwiftPackageReference "Alamofire" */ = {
			isa = XCRemoteSwiftPackageReference;
			repositoryURL = "https://github.com/Alamofire/Alamofire";
			requirement = {
				kind = upToNextMajorVersion;
				minimumVersion = 5.0.0;
			};
		};
		08D1B5AE2A2A5D8C0086F41A /* XCRemoteSwiftPackageReference "WrappingHStack" */ = {
			isa = XCRemoteSwiftPackageReference;
			repositoryURL = "https://github.com/dkk/WrappingHStack";
			requirement = {
				kind = upToNextMajorVersion;
				minimumVersion = 2.0.0;
			};
		};
/* End XCRemoteSwiftPackageReference section */

/* Begin XCSwiftPackageProductDependency section */
		08B58D682A423A46008419F6 /* Alamofire */ = {
			isa = XCSwiftPackageProductDependency;
			package = 08B58D672A423A46008419F6 /* XCRemoteSwiftPackageReference "Alamofire" */;
			productName = Alamofire;
		};
		08D1B5AF2A2A5D8C0086F41A /* WrappingHStack */ = {
			isa = XCSwiftPackageProductDependency;
			package = 08D1B5AE2A2A5D8C0086F41A /* XCRemoteSwiftPackageReference "WrappingHStack" */;
			productName = WrappingHStack;
		};
/* End XCSwiftPackageProductDependency section */

/* Begin XCVersionGroup section */
		0891B6542A51DA6D00263540 /* RecipleaseDataModel.xcdatamodeld */ = {
			isa = XCVersionGroup;
			children = (
				0891B6552A51DA6D00263540 /* RecipleaseDataModel.xcdatamodel */,
			);
			currentVersion = 0891B6552A51DA6D00263540 /* RecipleaseDataModel.xcdatamodel */;
			path = RecipleaseDataModel.xcdatamodeld;
			sourceTree = "<group>";
			versionGroupType = wrapper.xcdatamodel;
		};
/* End XCVersionGroup section */
	};
	rootObject = 08B21F5A2A0BFC6900CBAC97 /* Project object */;
}
